
Microsoft Visual Studio Solution File, Format Version 12.00
# Visual Studio Version 17
VisualStudioVersion = 17.10.35201.131
MinimumVisualStudioVersion = 10.0.40219.1
Project("{8BC9CEB8-8B4A-11D0-8D11-00A0C91BC942}") = "002_score", "002_score\002_score.vcxproj", "{47D5F9B4-7964-4F2F-ACF8-0194EA4A04B8}"
EndProject
Project("{8BC9CEB8-8B4A-11D0-8D11-00A0C91BC942}") = "003_진수", "003_진수\003_진수.vcxproj", "{E1E2501F-6D95-4637-BC5E-09C63E66C632}"
EndProject
Project("{8BC9CEB8-8B4A-11D0-8D11-00A0C91BC942}") = "004_variable", "004_variable\004_variable.vcxproj", "{0E98D761-A55A-4F35-892C-696BC05E76BD}"
EndProject
Project("{8BC9CEB8-8B4A-11D0-8D11-00A0C91BC942}") = "005_attendance score", "005_attendance score\005_attendance score.vcxproj", "{2FF8BF61-8D41-4946-A4A3-6A244FDDF415}"
EndProject
Project("{8BC9CEB8-8B4A-11D0-8D11-00A0C91BC942}") = "006_temperature", "006_temperature\006_temperature.vcxproj", "{43D92FA3-4DB9-45A0-A3AD-E122848E0EEE}"
EndProject
Project("{8BC9CEB8-8B4A-11D0-8D11-00A0C91BC942}") = "007_bmi", "007_bmi\007_bmi.vcxproj", "{A1B5E802-6DEA-40AA-B184-1A641EFC3BA4}"
EndProject
Project("{8BC9CEB8-8B4A-11D0-8D11-00A0C91BC942}") = "008_initialization", "008_initialization\008_initialization.vcxproj", "{E40BD087-DDA2-4C4E-9212-AD850CB525B0}"
EndProject
Project("{8BC9CEB8-8B4A-11D0-8D11-00A0C91BC942}") = "009_operator", "009_operator\009_operator.vcxproj", "{837BB0C5-CF0A-4EDD-8073-AF038C274979}"
EndProject
Project("{8BC9CEB8-8B4A-11D0-8D11-00A0C91BC942}") = "010_relational operator", "010_relational operator\010_relational operator.vcxproj", "{8289068C-395B-4A86-9921-7D7B483B88D5}"
EndProject
Project("{8BC9CEB8-8B4A-11D0-8D11-00A0C91BC942}") = "011_logical operator", "011_logical operator\011_logical operator.vcxproj", "{D0DAA805-403A-483E-8FFF-374948C080B4}"
EndProject
Project("{8BC9CEB8-8B4A-11D0-8D11-00A0C91BC942}") = "012_digit", "012_digit\012_digit.vcxproj", "{498284E8-9228-4D5F-902D-97E0CD74180C}"
EndProject
Project("{8BC9CEB8-8B4A-11D0-8D11-00A0C91BC942}") = "016_c.f", "016_c.f\016_c.f.vcxproj", "{3036C404-BE5D-4AF4-BF73-250978E928F7}"
EndProject
Project("{8BC9CEB8-8B4A-11D0-8D11-00A0C91BC942}") = "017_decimal number", "017_decimal number\017_decimal number.vcxproj", "{EF53F567-061E-4C39-9316-6762E650994B}"
EndProject
Project("{8BC9CEB8-8B4A-11D0-8D11-00A0C91BC942}") = "018_sum", "018_sum\018_sum.vcxproj", "{7DA9BE81-0831-4BA4-89F0-C5712FC9E1F0}"
EndProject
Project("{8BC9CEB8-8B4A-11D0-8D11-00A0C91BC942}") = "019_odd.even", "019_odd.even\019_odd.even.vcxproj", "{CC178384-97D8-443F-B9C2-F0E8B19D0D2F}"
EndProject
Project("{8BC9CEB8-8B4A-11D0-8D11-00A0C91BC942}") = "020_sum2", "20_sum2\20_sum2.vcxproj", "{4BB109E0-E019-4B6B-AF4E-87F44C6841BF}"
EndProject
Project("{8BC9CEB8-8B4A-11D0-8D11-00A0C91BC942}") = "021_sum3", "021_sum3\021_sum3.vcxproj", "{BCB04373-A7AD-4531-BD1C-31C43332CEEC}"
EndProject
Project("{8BC9CEB8-8B4A-11D0-8D11-00A0C91BC942}") = "022_gugudan", "022_gugudan\022_gugudan.vcxproj", "{C2967644-08B0-4A06-B67A-9C39ED07D00D}"
EndProject
Project("{8BC9CEB8-8B4A-11D0-8D11-00A0C91BC942}") = "000_name", "000_name\000_name.vcxproj", "{1DF129A8-4D88-4614-9326-0698EE2100F9}"
EndProject
Project("{8BC9CEB8-8B4A-11D0-8D11-00A0C91BC942}") = "023_multiplication", "023_multiplication\023_multiplication.vcxproj", "{5C3C0518-8166-4809-A5BB-B821EDC8A750}"
EndProject
Project("{8BC9CEB8-8B4A-11D0-8D11-00A0C91BC942}") = "024_triangle", "024_triangle\024_triangle.vcxproj", "{BB70710C-F9D0-4BF1-99E3-B32D0C40391B}"
EndProject
Project("{8BC9CEB8-8B4A-11D0-8D11-00A0C91BC942}") = "025_divider", "025_divider\025_divider.vcxproj", "{D6557174-1A2E-4CE0-A5FF-C748EC41D09C}"
EndProject
Project("{8BC9CEB8-8B4A-11D0-8D11-00A0C91BC942}") = "026_numberTriangle", "026_numberTriangle\026_numberTriangle.vcxproj", "{0D704DB9-A236-479B-828C-3FF79586AEF1}"
EndProject
Project("{8BC9CEB8-8B4A-11D0-8D11-00A0C91BC942}") = "027_ pyramid", "027_ pyramid\027_ pyramid.vcxproj", "{1083B693-4E77-4C0A-8372-7DC26E05BBF6}"
EndProject
Project("{8BC9CEB8-8B4A-11D0-8D11-00A0C91BC942}") = "028_Diamond", "028_Diamond\028_Diamond.vcxproj", "{8005C447-EC5E-4406-A855-C8BA3115BA36}"
EndProject
Project("{8BC9CEB8-8B4A-11D0-8D11-00A0C91BC942}") = "029_array", "029_array\029_array.vcxproj", "{B3AF2FE0-7525-4520-B83C-3A4D7000DAAE}"
EndProject
Project("{8BC9CEB8-8B4A-11D0-8D11-00A0C91BC942}") = "030_secondMax", "030_secondMax\030_secondMax.vcxproj", "{21CA7D90-1E15-4B4A-87F5-97CB1971F20D}"
EndProject
Project("{8BC9CEB8-8B4A-11D0-8D11-00A0C91BC942}") = "031_array2", "031_array2\031_array2.vcxproj", "{126570A2-8E35-4143-BCE3-B23142FE2E94}"
EndProject
Project("{8BC9CEB8-8B4A-11D0-8D11-00A0C91BC942}") = "032_str", "032_str\032_str.vcxproj", "{39C80307-8BFA-4B6E-A2A0-320DAF366533}"
EndProject
Project("{8BC9CEB8-8B4A-11D0-8D11-00A0C91BC942}") = "033_strcat", "033_strcat\033_strcat.vcxproj", "{99F7EAEF-CA5E-4979-BB08-C0561A54C402}"
EndProject
Project("{8BC9CEB8-8B4A-11D0-8D11-00A0C91BC942}") = "044_function1", "044_function1\044_function1.vcxproj", "{41D1FBA4-80A4-475C-AC18-150CA77C8FD8}"
EndProject
Project("{8BC9CEB8-8B4A-11D0-8D11-00A0C91BC942}") = "045_function2", "045_function2\045_function2.vcxproj", "{E91A0941-5F5F-4961-9B5F-09BAE4445CC8}"
EndProject
Project("{8BC9CEB8-8B4A-11D0-8D11-00A0C91BC942}") = "046_function3", "046_function3\046_function3.vcxproj", "{221A6B94-704F-461F-9F8C-870AF3088040}"
EndProject
Project("{8BC9CEB8-8B4A-11D0-8D11-00A0C91BC942}") = "047_factorial", "047_factorial\047_factorial.vcxproj", "{9E7994E5-6CA1-4746-A374-38252DB0C5B1}"
EndProject
Project("{8BC9CEB8-8B4A-11D0-8D11-00A0C91BC942}") = "048_cycle", "048_cycle\048_cycle.vcxproj", "{17BC3DB4-7C04-4487-A1D1-7315F8B7C808}"
EndProject
Project("{8BC9CEB8-8B4A-11D0-8D11-00A0C91BC942}") = "049_recursion", "049_recursion\049_recursion.vcxproj", "{E87FAFAE-C62D-4E57-BDB6-E79DBA00EF79}"
EndProject
Project("{8BC9CEB8-8B4A-11D0-8D11-00A0C91BC942}") = "050_Fibonacci", "050_Fibonacci\050_Fibonacci.vcxproj", "{06700174-5318-44AC-A4E9-13C77C51B92E}"
EndProject
Project("{8BC9CEB8-8B4A-11D0-8D11-00A0C91BC942}") = "051_structure", "051_structure\051_structure.vcxproj", "{B2C3DB61-CD15-4050-B659-8C7670C65FC3}"
EndProject
Project("{8BC9CEB8-8B4A-11D0-8D11-00A0C91BC942}") = "053_struct 1", "053_struct 1\053_struct 1.vcxproj", "{D8B2406B-E04C-4658-85E2-9CD1EFCDB731}"
EndProject
Project("{8BC9CEB8-8B4A-11D0-8D11-00A0C91BC942}") = "055_struct 3", "055_struct 3\055_struct 3.vcxproj", "{47C155DF-FB35-4A8A-B672-2DABC71263C5}"
EndProject
Project("{8BC9CEB8-8B4A-11D0-8D11-00A0C91BC942}") = "054_struct 2", "054_struct 2\054_struct 2.vcxproj", "{C3A72C31-0927-4ED5-B290-CAD4F42D354A}"
EndProject
Project("{8BC9CEB8-8B4A-11D0-8D11-00A0C91BC942}") = "056_enum", "056_enum\056_enum.vcxproj", "{C6085C7C-C6AC-4774-A06F-13D1D57DFF9F}"
EndProject
Project("{8BC9CEB8-8B4A-11D0-8D11-00A0C91BC942}") = "057_enum 1", "057_enum 1\057_enum 1.vcxproj", "{5CE89327-5760-40E8-834E-7052AF1CE8D5}"
EndProject
Project("{8BC9CEB8-8B4A-11D0-8D11-00A0C91BC942}") = "059_mecro", "059_mecro\059_mecro.vcxproj", "{4E8CE471-D60A-4638-A30B-2D9786BB4763}"
EndProject
Project("{8BC9CEB8-8B4A-11D0-8D11-00A0C91BC942}") = "060_bit 1", "060_bit 1\060_bit 1.vcxproj", "{2312B30F-1F40-452D-A582-A6AB004C0581}"
EndProject
Project("{8BC9CEB8-8B4A-11D0-8D11-00A0C91BC942}") = "063_c++_1", "063_c++_1\063_c++_1.vcxproj", "{F2F6E2F1-64D7-45F1-A299-4B739FCF5299}"
EndProject
Project("{8BC9CEB8-8B4A-11D0-8D11-00A0C91BC942}") = "064_c++_2", "064_c++_2\064_c++_2.vcxproj", "{BB58ED66-55D3-4EA3-A921-CA310302E84B}"
EndProject
Project("{8BC9CEB8-8B4A-11D0-8D11-00A0C91BC942}") = "065_c++_3", "065_c++_3\065_c++_3.vcxproj", "{B46C3736-D010-4404-96F6-503C331FE751}"
EndProject
Project("{8BC9CEB8-8B4A-11D0-8D11-00A0C91BC942}") = "066_c++_4", "066_c++_4\066_c++_4.vcxproj", "{78E596EE-9CE6-4731-A69A-C74969F29716}"
EndProject
Project("{8BC9CEB8-8B4A-11D0-8D11-00A0C91BC942}") = "067_c++_5", "067_c++_5\067_c++_5.vcxproj", "{F2E4B9B9-455D-4DB8-8F26-2B5CAA13027B}"
EndProject
Project("{8BC9CEB8-8B4A-11D0-8D11-00A0C91BC942}") = "068_c++_6", "068_c++_6\068_c++_6.vcxproj", "{02F9E3B0-8F78-4835-955D-7D1FEBA4487D}"
EndProject
Project("{8BC9CEB8-8B4A-11D0-8D11-00A0C91BC942}") = "069_c++_7", "069_c++_7\069_c++_7.vcxproj", "{E9D155EB-1365-4DAE-9576-9380E6639C18}"
EndProject
Project("{8BC9CEB8-8B4A-11D0-8D11-00A0C91BC942}") = "070_c++_8", "070_c++_8\070_c++_8.vcxproj", "{0929B96A-5924-47E6-95FB-34C2105CE1EF}"
EndProject
Project("{8BC9CEB8-8B4A-11D0-8D11-00A0C91BC942}") = "071_c++_9", "071_c++_9\071_c++_9.vcxproj", "{77F02604-8906-4D28-9CF4-66B60ABF9621}"
EndProject
Project("{8BC9CEB8-8B4A-11D0-8D11-00A0C91BC942}") = "072_Exponential", "072_Exponential\072_Exponential.vcxproj", "{041DB480-4B51-4F08-833F-5FF3D742240C}"
EndProject
Project("{8BC9CEB8-8B4A-11D0-8D11-00A0C91BC942}") = "073_MyDate", "073_MyDate\073_MyDate.vcxproj", "{AD942D9D-8920-4259-9137-95EB3F4C7033}"
EndProject
Project("{8BC9CEB8-8B4A-11D0-8D11-00A0C91BC942}") = "074_MemberClass", "074_MemberClass\074_MemberClass.vcxproj", "{CE74BFC7-3B00-4835-892D-AB6FF779167E}"
EndProject
Project("{8BC9CEB8-8B4A-11D0-8D11-00A0C91BC942}") = "075_PointClass", "075_PointClass\075_PointClass.vcxproj", "{47619E5E-9328-4784-86CB-01AC051DBA94}"
EndProject
Project("{8BC9CEB8-8B4A-11D0-8D11-00A0C91BC942}") = "076_PointClass2", "076_PointClass2\076_PointClass2.vcxproj", "{3606C273-CEF4-45FB-987C-B8DF0EFA075A}"
EndProject
Global
	GlobalSection(SolutionConfigurationPlatforms) = preSolution
		Debug|x64 = Debug|x64
		Debug|x86 = Debug|x86
		Release|x64 = Release|x64
		Release|x86 = Release|x86
	EndGlobalSection
	GlobalSection(ProjectConfigurationPlatforms) = postSolution
		{47D5F9B4-7964-4F2F-ACF8-0194EA4A04B8}.Debug|x64.ActiveCfg = Debug|x64
		{47D5F9B4-7964-4F2F-ACF8-0194EA4A04B8}.Debug|x64.Build.0 = Debug|x64
		{47D5F9B4-7964-4F2F-ACF8-0194EA4A04B8}.Debug|x86.ActiveCfg = Debug|Win32
		{47D5F9B4-7964-4F2F-ACF8-0194EA4A04B8}.Debug|x86.Build.0 = Debug|Win32
		{47D5F9B4-7964-4F2F-ACF8-0194EA4A04B8}.Release|x64.ActiveCfg = Release|x64
		{47D5F9B4-7964-4F2F-ACF8-0194EA4A04B8}.Release|x64.Build.0 = Release|x64
		{47D5F9B4-7964-4F2F-ACF8-0194EA4A04B8}.Release|x86.ActiveCfg = Release|Win32
		{47D5F9B4-7964-4F2F-ACF8-0194EA4A04B8}.Release|x86.Build.0 = Release|Win32
		{E1E2501F-6D95-4637-BC5E-09C63E66C632}.Debug|x64.ActiveCfg = Debug|x64
		{E1E2501F-6D95-4637-BC5E-09C63E66C632}.Debug|x64.Build.0 = Debug|x64
		{E1E2501F-6D95-4637-BC5E-09C63E66C632}.Debug|x86.ActiveCfg = Debug|Win32
		{E1E2501F-6D95-4637-BC5E-09C63E66C632}.Debug|x86.Build.0 = Debug|Win32
		{E1E2501F-6D95-4637-BC5E-09C63E66C632}.Release|x64.ActiveCfg = Release|x64
		{E1E2501F-6D95-4637-BC5E-09C63E66C632}.Release|x64.Build.0 = Release|x64
		{E1E2501F-6D95-4637-BC5E-09C63E66C632}.Release|x86.ActiveCfg = Release|Win32
		{E1E2501F-6D95-4637-BC5E-09C63E66C632}.Release|x86.Build.0 = Release|Win32
		{0E98D761-A55A-4F35-892C-696BC05E76BD}.Debug|x64.ActiveCfg = Debug|x64
		{0E98D761-A55A-4F35-892C-696BC05E76BD}.Debug|x64.Build.0 = Debug|x64
		{0E98D761-A55A-4F35-892C-696BC05E76BD}.Debug|x86.ActiveCfg = Debug|Win32
		{0E98D761-A55A-4F35-892C-696BC05E76BD}.Debug|x86.Build.0 = Debug|Win32
		{0E98D761-A55A-4F35-892C-696BC05E76BD}.Release|x64.ActiveCfg = Release|x64
		{0E98D761-A55A-4F35-892C-696BC05E76BD}.Release|x64.Build.0 = Release|x64
		{0E98D761-A55A-4F35-892C-696BC05E76BD}.Release|x86.ActiveCfg = Release|Win32
		{0E98D761-A55A-4F35-892C-696BC05E76BD}.Release|x86.Build.0 = Release|Win32
		{2FF8BF61-8D41-4946-A4A3-6A244FDDF415}.Debug|x64.ActiveCfg = Debug|x64
		{2FF8BF61-8D41-4946-A4A3-6A244FDDF415}.Debug|x64.Build.0 = Debug|x64
		{2FF8BF61-8D41-4946-A4A3-6A244FDDF415}.Debug|x86.ActiveCfg = Debug|Win32
		{2FF8BF61-8D41-4946-A4A3-6A244FDDF415}.Debug|x86.Build.0 = Debug|Win32
		{2FF8BF61-8D41-4946-A4A3-6A244FDDF415}.Release|x64.ActiveCfg = Release|x64
		{2FF8BF61-8D41-4946-A4A3-6A244FDDF415}.Release|x64.Build.0 = Release|x64
		{2FF8BF61-8D41-4946-A4A3-6A244FDDF415}.Release|x86.ActiveCfg = Release|Win32
		{2FF8BF61-8D41-4946-A4A3-6A244FDDF415}.Release|x86.Build.0 = Release|Win32
		{43D92FA3-4DB9-45A0-A3AD-E122848E0EEE}.Debug|x64.ActiveCfg = Debug|x64
		{43D92FA3-4DB9-45A0-A3AD-E122848E0EEE}.Debug|x64.Build.0 = Debug|x64
		{43D92FA3-4DB9-45A0-A3AD-E122848E0EEE}.Debug|x86.ActiveCfg = Debug|Win32
		{43D92FA3-4DB9-45A0-A3AD-E122848E0EEE}.Debug|x86.Build.0 = Debug|Win32
		{43D92FA3-4DB9-45A0-A3AD-E122848E0EEE}.Release|x64.ActiveCfg = Release|x64
		{43D92FA3-4DB9-45A0-A3AD-E122848E0EEE}.Release|x64.Build.0 = Release|x64
		{43D92FA3-4DB9-45A0-A3AD-E122848E0EEE}.Release|x86.ActiveCfg = Release|Win32
		{43D92FA3-4DB9-45A0-A3AD-E122848E0EEE}.Release|x86.Build.0 = Release|Win32
		{A1B5E802-6DEA-40AA-B184-1A641EFC3BA4}.Debug|x64.ActiveCfg = Debug|x64
		{A1B5E802-6DEA-40AA-B184-1A641EFC3BA4}.Debug|x64.Build.0 = Debug|x64
		{A1B5E802-6DEA-40AA-B184-1A641EFC3BA4}.Debug|x86.ActiveCfg = Debug|Win32
		{A1B5E802-6DEA-40AA-B184-1A641EFC3BA4}.Debug|x86.Build.0 = Debug|Win32
		{A1B5E802-6DEA-40AA-B184-1A641EFC3BA4}.Release|x64.ActiveCfg = Release|x64
		{A1B5E802-6DEA-40AA-B184-1A641EFC3BA4}.Release|x64.Build.0 = Release|x64
		{A1B5E802-6DEA-40AA-B184-1A641EFC3BA4}.Release|x86.ActiveCfg = Release|Win32
		{A1B5E802-6DEA-40AA-B184-1A641EFC3BA4}.Release|x86.Build.0 = Release|Win32
		{E40BD087-DDA2-4C4E-9212-AD850CB525B0}.Debug|x64.ActiveCfg = Debug|x64
		{E40BD087-DDA2-4C4E-9212-AD850CB525B0}.Debug|x64.Build.0 = Debug|x64
		{E40BD087-DDA2-4C4E-9212-AD850CB525B0}.Debug|x86.ActiveCfg = Debug|Win32
		{E40BD087-DDA2-4C4E-9212-AD850CB525B0}.Debug|x86.Build.0 = Debug|Win32
		{E40BD087-DDA2-4C4E-9212-AD850CB525B0}.Release|x64.ActiveCfg = Release|x64
		{E40BD087-DDA2-4C4E-9212-AD850CB525B0}.Release|x64.Build.0 = Release|x64
		{E40BD087-DDA2-4C4E-9212-AD850CB525B0}.Release|x86.ActiveCfg = Release|Win32
		{E40BD087-DDA2-4C4E-9212-AD850CB525B0}.Release|x86.Build.0 = Release|Win32
		{837BB0C5-CF0A-4EDD-8073-AF038C274979}.Debug|x64.ActiveCfg = Debug|x64
		{837BB0C5-CF0A-4EDD-8073-AF038C274979}.Debug|x64.Build.0 = Debug|x64
		{837BB0C5-CF0A-4EDD-8073-AF038C274979}.Debug|x86.ActiveCfg = Debug|Win32
		{837BB0C5-CF0A-4EDD-8073-AF038C274979}.Debug|x86.Build.0 = Debug|Win32
		{837BB0C5-CF0A-4EDD-8073-AF038C274979}.Release|x64.ActiveCfg = Release|x64
		{837BB0C5-CF0A-4EDD-8073-AF038C274979}.Release|x64.Build.0 = Release|x64
		{837BB0C5-CF0A-4EDD-8073-AF038C274979}.Release|x86.ActiveCfg = Release|Win32
		{837BB0C5-CF0A-4EDD-8073-AF038C274979}.Release|x86.Build.0 = Release|Win32
		{8289068C-395B-4A86-9921-7D7B483B88D5}.Debug|x64.ActiveCfg = Debug|x64
		{8289068C-395B-4A86-9921-7D7B483B88D5}.Debug|x64.Build.0 = Debug|x64
		{8289068C-395B-4A86-9921-7D7B483B88D5}.Debug|x86.ActiveCfg = Debug|Win32
		{8289068C-395B-4A86-9921-7D7B483B88D5}.Debug|x86.Build.0 = Debug|Win32
		{8289068C-395B-4A86-9921-7D7B483B88D5}.Release|x64.ActiveCfg = Release|x64
		{8289068C-395B-4A86-9921-7D7B483B88D5}.Release|x64.Build.0 = Release|x64
		{8289068C-395B-4A86-9921-7D7B483B88D5}.Release|x86.ActiveCfg = Release|Win32
		{8289068C-395B-4A86-9921-7D7B483B88D5}.Release|x86.Build.0 = Release|Win32
		{D0DAA805-403A-483E-8FFF-374948C080B4}.Debug|x64.ActiveCfg = Debug|x64
		{D0DAA805-403A-483E-8FFF-374948C080B4}.Debug|x64.Build.0 = Debug|x64
		{D0DAA805-403A-483E-8FFF-374948C080B4}.Debug|x86.ActiveCfg = Debug|Win32
		{D0DAA805-403A-483E-8FFF-374948C080B4}.Debug|x86.Build.0 = Debug|Win32
		{D0DAA805-403A-483E-8FFF-374948C080B4}.Release|x64.ActiveCfg = Release|x64
		{D0DAA805-403A-483E-8FFF-374948C080B4}.Release|x64.Build.0 = Release|x64
		{D0DAA805-403A-483E-8FFF-374948C080B4}.Release|x86.ActiveCfg = Release|Win32
		{D0DAA805-403A-483E-8FFF-374948C080B4}.Release|x86.Build.0 = Release|Win32
		{498284E8-9228-4D5F-902D-97E0CD74180C}.Debug|x64.ActiveCfg = Debug|x64
		{498284E8-9228-4D5F-902D-97E0CD74180C}.Debug|x64.Build.0 = Debug|x64
		{498284E8-9228-4D5F-902D-97E0CD74180C}.Debug|x86.ActiveCfg = Debug|Win32
		{498284E8-9228-4D5F-902D-97E0CD74180C}.Debug|x86.Build.0 = Debug|Win32
		{498284E8-9228-4D5F-902D-97E0CD74180C}.Release|x64.ActiveCfg = Release|x64
		{498284E8-9228-4D5F-902D-97E0CD74180C}.Release|x64.Build.0 = Release|x64
		{498284E8-9228-4D5F-902D-97E0CD74180C}.Release|x86.ActiveCfg = Release|Win32
		{498284E8-9228-4D5F-902D-97E0CD74180C}.Release|x86.Build.0 = Release|Win32
		{3036C404-BE5D-4AF4-BF73-250978E928F7}.Debug|x64.ActiveCfg = Debug|x64
		{3036C404-BE5D-4AF4-BF73-250978E928F7}.Debug|x64.Build.0 = Debug|x64
		{3036C404-BE5D-4AF4-BF73-250978E928F7}.Debug|x86.ActiveCfg = Debug|Win32
		{3036C404-BE5D-4AF4-BF73-250978E928F7}.Debug|x86.Build.0 = Debug|Win32
		{3036C404-BE5D-4AF4-BF73-250978E928F7}.Release|x64.ActiveCfg = Release|x64
		{3036C404-BE5D-4AF4-BF73-250978E928F7}.Release|x64.Build.0 = Release|x64
		{3036C404-BE5D-4AF4-BF73-250978E928F7}.Release|x86.ActiveCfg = Release|Win32
		{3036C404-BE5D-4AF4-BF73-250978E928F7}.Release|x86.Build.0 = Release|Win32
		{EF53F567-061E-4C39-9316-6762E650994B}.Debug|x64.ActiveCfg = Debug|x64
		{EF53F567-061E-4C39-9316-6762E650994B}.Debug|x64.Build.0 = Debug|x64
		{EF53F567-061E-4C39-9316-6762E650994B}.Debug|x86.ActiveCfg = Debug|Win32
		{EF53F567-061E-4C39-9316-6762E650994B}.Debug|x86.Build.0 = Debug|Win32
		{EF53F567-061E-4C39-9316-6762E650994B}.Release|x64.ActiveCfg = Release|x64
		{EF53F567-061E-4C39-9316-6762E650994B}.Release|x64.Build.0 = Release|x64
		{EF53F567-061E-4C39-9316-6762E650994B}.Release|x86.ActiveCfg = Release|Win32
		{EF53F567-061E-4C39-9316-6762E650994B}.Release|x86.Build.0 = Release|Win32
		{7DA9BE81-0831-4BA4-89F0-C5712FC9E1F0}.Debug|x64.ActiveCfg = Debug|x64
		{7DA9BE81-0831-4BA4-89F0-C5712FC9E1F0}.Debug|x64.Build.0 = Debug|x64
		{7DA9BE81-0831-4BA4-89F0-C5712FC9E1F0}.Debug|x86.ActiveCfg = Debug|Win32
		{7DA9BE81-0831-4BA4-89F0-C5712FC9E1F0}.Debug|x86.Build.0 = Debug|Win32
		{7DA9BE81-0831-4BA4-89F0-C5712FC9E1F0}.Release|x64.ActiveCfg = Release|x64
		{7DA9BE81-0831-4BA4-89F0-C5712FC9E1F0}.Release|x64.Build.0 = Release|x64
		{7DA9BE81-0831-4BA4-89F0-C5712FC9E1F0}.Release|x86.ActiveCfg = Release|Win32
		{7DA9BE81-0831-4BA4-89F0-C5712FC9E1F0}.Release|x86.Build.0 = Release|Win32
		{CC178384-97D8-443F-B9C2-F0E8B19D0D2F}.Debug|x64.ActiveCfg = Debug|x64
		{CC178384-97D8-443F-B9C2-F0E8B19D0D2F}.Debug|x64.Build.0 = Debug|x64
		{CC178384-97D8-443F-B9C2-F0E8B19D0D2F}.Debug|x86.ActiveCfg = Debug|Win32
		{CC178384-97D8-443F-B9C2-F0E8B19D0D2F}.Debug|x86.Build.0 = Debug|Win32
		{CC178384-97D8-443F-B9C2-F0E8B19D0D2F}.Release|x64.ActiveCfg = Release|x64
		{CC178384-97D8-443F-B9C2-F0E8B19D0D2F}.Release|x64.Build.0 = Release|x64
		{CC178384-97D8-443F-B9C2-F0E8B19D0D2F}.Release|x86.ActiveCfg = Release|Win32
		{CC178384-97D8-443F-B9C2-F0E8B19D0D2F}.Release|x86.Build.0 = Release|Win32
		{4BB109E0-E019-4B6B-AF4E-87F44C6841BF}.Debug|x64.ActiveCfg = Debug|x64
		{4BB109E0-E019-4B6B-AF4E-87F44C6841BF}.Debug|x64.Build.0 = Debug|x64
		{4BB109E0-E019-4B6B-AF4E-87F44C6841BF}.Debug|x86.ActiveCfg = Debug|Win32
		{4BB109E0-E019-4B6B-AF4E-87F44C6841BF}.Debug|x86.Build.0 = Debug|Win32
		{4BB109E0-E019-4B6B-AF4E-87F44C6841BF}.Release|x64.ActiveCfg = Release|x64
		{4BB109E0-E019-4B6B-AF4E-87F44C6841BF}.Release|x64.Build.0 = Release|x64
		{4BB109E0-E019-4B6B-AF4E-87F44C6841BF}.Release|x86.ActiveCfg = Release|Win32
		{4BB109E0-E019-4B6B-AF4E-87F44C6841BF}.Release|x86.Build.0 = Release|Win32
		{BCB04373-A7AD-4531-BD1C-31C43332CEEC}.Debug|x64.ActiveCfg = Debug|x64
		{BCB04373-A7AD-4531-BD1C-31C43332CEEC}.Debug|x64.Build.0 = Debug|x64
		{BCB04373-A7AD-4531-BD1C-31C43332CEEC}.Debug|x86.ActiveCfg = Debug|Win32
		{BCB04373-A7AD-4531-BD1C-31C43332CEEC}.Debug|x86.Build.0 = Debug|Win32
		{BCB04373-A7AD-4531-BD1C-31C43332CEEC}.Release|x64.ActiveCfg = Release|x64
		{BCB04373-A7AD-4531-BD1C-31C43332CEEC}.Release|x64.Build.0 = Release|x64
		{BCB04373-A7AD-4531-BD1C-31C43332CEEC}.Release|x86.ActiveCfg = Release|Win32
		{BCB04373-A7AD-4531-BD1C-31C43332CEEC}.Release|x86.Build.0 = Release|Win32
		{C2967644-08B0-4A06-B67A-9C39ED07D00D}.Debug|x64.ActiveCfg = Debug|x64
		{C2967644-08B0-4A06-B67A-9C39ED07D00D}.Debug|x64.Build.0 = Debug|x64
		{C2967644-08B0-4A06-B67A-9C39ED07D00D}.Debug|x86.ActiveCfg = Debug|Win32
		{C2967644-08B0-4A06-B67A-9C39ED07D00D}.Debug|x86.Build.0 = Debug|Win32
		{C2967644-08B0-4A06-B67A-9C39ED07D00D}.Release|x64.ActiveCfg = Release|x64
		{C2967644-08B0-4A06-B67A-9C39ED07D00D}.Release|x64.Build.0 = Release|x64
		{C2967644-08B0-4A06-B67A-9C39ED07D00D}.Release|x86.ActiveCfg = Release|Win32
		{C2967644-08B0-4A06-B67A-9C39ED07D00D}.Release|x86.Build.0 = Release|Win32
		{1DF129A8-4D88-4614-9326-0698EE2100F9}.Debug|x64.ActiveCfg = Debug|x64
		{1DF129A8-4D88-4614-9326-0698EE2100F9}.Debug|x64.Build.0 = Debug|x64
		{1DF129A8-4D88-4614-9326-0698EE2100F9}.Debug|x86.ActiveCfg = Debug|Win32
		{1DF129A8-4D88-4614-9326-0698EE2100F9}.Debug|x86.Build.0 = Debug|Win32
		{1DF129A8-4D88-4614-9326-0698EE2100F9}.Release|x64.ActiveCfg = Release|x64
		{1DF129A8-4D88-4614-9326-0698EE2100F9}.Release|x64.Build.0 = Release|x64
		{1DF129A8-4D88-4614-9326-0698EE2100F9}.Release|x86.ActiveCfg = Release|Win32
		{1DF129A8-4D88-4614-9326-0698EE2100F9}.Release|x86.Build.0 = Release|Win32
		{5C3C0518-8166-4809-A5BB-B821EDC8A750}.Debug|x64.ActiveCfg = Debug|x64
		{5C3C0518-8166-4809-A5BB-B821EDC8A750}.Debug|x64.Build.0 = Debug|x64
		{5C3C0518-8166-4809-A5BB-B821EDC8A750}.Debug|x86.ActiveCfg = Debug|Win32
		{5C3C0518-8166-4809-A5BB-B821EDC8A750}.Debug|x86.Build.0 = Debug|Win32
		{5C3C0518-8166-4809-A5BB-B821EDC8A750}.Release|x64.ActiveCfg = Release|x64
		{5C3C0518-8166-4809-A5BB-B821EDC8A750}.Release|x64.Build.0 = Release|x64
		{5C3C0518-8166-4809-A5BB-B821EDC8A750}.Release|x86.ActiveCfg = Release|Win32
		{5C3C0518-8166-4809-A5BB-B821EDC8A750}.Release|x86.Build.0 = Release|Win32
		{BB70710C-F9D0-4BF1-99E3-B32D0C40391B}.Debug|x64.ActiveCfg = Debug|x64
		{BB70710C-F9D0-4BF1-99E3-B32D0C40391B}.Debug|x64.Build.0 = Debug|x64
		{BB70710C-F9D0-4BF1-99E3-B32D0C40391B}.Debug|x86.ActiveCfg = Debug|Win32
		{BB70710C-F9D0-4BF1-99E3-B32D0C40391B}.Debug|x86.Build.0 = Debug|Win32
		{BB70710C-F9D0-4BF1-99E3-B32D0C40391B}.Release|x64.ActiveCfg = Release|x64
		{BB70710C-F9D0-4BF1-99E3-B32D0C40391B}.Release|x64.Build.0 = Release|x64
		{BB70710C-F9D0-4BF1-99E3-B32D0C40391B}.Release|x86.ActiveCfg = Release|Win32
		{BB70710C-F9D0-4BF1-99E3-B32D0C40391B}.Release|x86.Build.0 = Release|Win32
		{D6557174-1A2E-4CE0-A5FF-C748EC41D09C}.Debug|x64.ActiveCfg = Debug|x64
		{D6557174-1A2E-4CE0-A5FF-C748EC41D09C}.Debug|x64.Build.0 = Debug|x64
		{D6557174-1A2E-4CE0-A5FF-C748EC41D09C}.Debug|x86.ActiveCfg = Debug|Win32
		{D6557174-1A2E-4CE0-A5FF-C748EC41D09C}.Debug|x86.Build.0 = Debug|Win32
		{D6557174-1A2E-4CE0-A5FF-C748EC41D09C}.Release|x64.ActiveCfg = Release|x64
		{D6557174-1A2E-4CE0-A5FF-C748EC41D09C}.Release|x64.Build.0 = Release|x64
		{D6557174-1A2E-4CE0-A5FF-C748EC41D09C}.Release|x86.ActiveCfg = Release|Win32
		{D6557174-1A2E-4CE0-A5FF-C748EC41D09C}.Release|x86.Build.0 = Release|Win32
		{0D704DB9-A236-479B-828C-3FF79586AEF1}.Debug|x64.ActiveCfg = Debug|x64
		{0D704DB9-A236-479B-828C-3FF79586AEF1}.Debug|x64.Build.0 = Debug|x64
		{0D704DB9-A236-479B-828C-3FF79586AEF1}.Debug|x86.ActiveCfg = Debug|Win32
		{0D704DB9-A236-479B-828C-3FF79586AEF1}.Debug|x86.Build.0 = Debug|Win32
		{0D704DB9-A236-479B-828C-3FF79586AEF1}.Release|x64.ActiveCfg = Release|x64
		{0D704DB9-A236-479B-828C-3FF79586AEF1}.Release|x64.Build.0 = Release|x64
		{0D704DB9-A236-479B-828C-3FF79586AEF1}.Release|x86.ActiveCfg = Release|Win32
		{0D704DB9-A236-479B-828C-3FF79586AEF1}.Release|x86.Build.0 = Release|Win32
		{1083B693-4E77-4C0A-8372-7DC26E05BBF6}.Debug|x64.ActiveCfg = Debug|x64
		{1083B693-4E77-4C0A-8372-7DC26E05BBF6}.Debug|x64.Build.0 = Debug|x64
		{1083B693-4E77-4C0A-8372-7DC26E05BBF6}.Debug|x86.ActiveCfg = Debug|Win32
		{1083B693-4E77-4C0A-8372-7DC26E05BBF6}.Debug|x86.Build.0 = Debug|Win32
		{1083B693-4E77-4C0A-8372-7DC26E05BBF6}.Release|x64.ActiveCfg = Release|x64
		{1083B693-4E77-4C0A-8372-7DC26E05BBF6}.Release|x64.Build.0 = Release|x64
		{1083B693-4E77-4C0A-8372-7DC26E05BBF6}.Release|x86.ActiveCfg = Release|Win32
		{1083B693-4E77-4C0A-8372-7DC26E05BBF6}.Release|x86.Build.0 = Release|Win32
		{8005C447-EC5E-4406-A855-C8BA3115BA36}.Debug|x64.ActiveCfg = Debug|x64
		{8005C447-EC5E-4406-A855-C8BA3115BA36}.Debug|x64.Build.0 = Debug|x64
		{8005C447-EC5E-4406-A855-C8BA3115BA36}.Debug|x86.ActiveCfg = Debug|Win32
		{8005C447-EC5E-4406-A855-C8BA3115BA36}.Debug|x86.Build.0 = Debug|Win32
		{8005C447-EC5E-4406-A855-C8BA3115BA36}.Release|x64.ActiveCfg = Release|x64
		{8005C447-EC5E-4406-A855-C8BA3115BA36}.Release|x64.Build.0 = Release|x64
		{8005C447-EC5E-4406-A855-C8BA3115BA36}.Release|x86.ActiveCfg = Release|Win32
		{8005C447-EC5E-4406-A855-C8BA3115BA36}.Release|x86.Build.0 = Release|Win32
		{B3AF2FE0-7525-4520-B83C-3A4D7000DAAE}.Debug|x64.ActiveCfg = Debug|x64
		{B3AF2FE0-7525-4520-B83C-3A4D7000DAAE}.Debug|x64.Build.0 = Debug|x64
		{B3AF2FE0-7525-4520-B83C-3A4D7000DAAE}.Debug|x86.ActiveCfg = Debug|Win32
		{B3AF2FE0-7525-4520-B83C-3A4D7000DAAE}.Debug|x86.Build.0 = Debug|Win32
		{B3AF2FE0-7525-4520-B83C-3A4D7000DAAE}.Release|x64.ActiveCfg = Release|x64
		{B3AF2FE0-7525-4520-B83C-3A4D7000DAAE}.Release|x64.Build.0 = Release|x64
		{B3AF2FE0-7525-4520-B83C-3A4D7000DAAE}.Release|x86.ActiveCfg = Release|Win32
		{B3AF2FE0-7525-4520-B83C-3A4D7000DAAE}.Release|x86.Build.0 = Release|Win32
		{21CA7D90-1E15-4B4A-87F5-97CB1971F20D}.Debug|x64.ActiveCfg = Debug|x64
		{21CA7D90-1E15-4B4A-87F5-97CB1971F20D}.Debug|x64.Build.0 = Debug|x64
		{21CA7D90-1E15-4B4A-87F5-97CB1971F20D}.Debug|x86.ActiveCfg = Debug|Win32
		{21CA7D90-1E15-4B4A-87F5-97CB1971F20D}.Debug|x86.Build.0 = Debug|Win32
		{21CA7D90-1E15-4B4A-87F5-97CB1971F20D}.Release|x64.ActiveCfg = Release|x64
		{21CA7D90-1E15-4B4A-87F5-97CB1971F20D}.Release|x64.Build.0 = Release|x64
		{21CA7D90-1E15-4B4A-87F5-97CB1971F20D}.Release|x86.ActiveCfg = Release|Win32
		{21CA7D90-1E15-4B4A-87F5-97CB1971F20D}.Release|x86.Build.0 = Release|Win32
		{126570A2-8E35-4143-BCE3-B23142FE2E94}.Debug|x64.ActiveCfg = Debug|x64
		{126570A2-8E35-4143-BCE3-B23142FE2E94}.Debug|x64.Build.0 = Debug|x64
		{126570A2-8E35-4143-BCE3-B23142FE2E94}.Debug|x86.ActiveCfg = Debug|Win32
		{126570A2-8E35-4143-BCE3-B23142FE2E94}.Debug|x86.Build.0 = Debug|Win32
		{126570A2-8E35-4143-BCE3-B23142FE2E94}.Release|x64.ActiveCfg = Release|x64
		{126570A2-8E35-4143-BCE3-B23142FE2E94}.Release|x64.Build.0 = Release|x64
		{126570A2-8E35-4143-BCE3-B23142FE2E94}.Release|x86.ActiveCfg = Release|Win32
		{126570A2-8E35-4143-BCE3-B23142FE2E94}.Release|x86.Build.0 = Release|Win32
		{39C80307-8BFA-4B6E-A2A0-320DAF366533}.Debug|x64.ActiveCfg = Debug|x64
		{39C80307-8BFA-4B6E-A2A0-320DAF366533}.Debug|x64.Build.0 = Debug|x64
		{39C80307-8BFA-4B6E-A2A0-320DAF366533}.Debug|x86.ActiveCfg = Debug|Win32
		{39C80307-8BFA-4B6E-A2A0-320DAF366533}.Debug|x86.Build.0 = Debug|Win32
		{39C80307-8BFA-4B6E-A2A0-320DAF366533}.Release|x64.ActiveCfg = Release|x64
		{39C80307-8BFA-4B6E-A2A0-320DAF366533}.Release|x64.Build.0 = Release|x64
		{39C80307-8BFA-4B6E-A2A0-320DAF366533}.Release|x86.ActiveCfg = Release|Win32
		{39C80307-8BFA-4B6E-A2A0-320DAF366533}.Release|x86.Build.0 = Release|Win32
		{99F7EAEF-CA5E-4979-BB08-C0561A54C402}.Debug|x64.ActiveCfg = Debug|x64
		{99F7EAEF-CA5E-4979-BB08-C0561A54C402}.Debug|x64.Build.0 = Debug|x64
		{99F7EAEF-CA5E-4979-BB08-C0561A54C402}.Debug|x86.ActiveCfg = Debug|Win32
		{99F7EAEF-CA5E-4979-BB08-C0561A54C402}.Debug|x86.Build.0 = Debug|Win32
		{99F7EAEF-CA5E-4979-BB08-C0561A54C402}.Release|x64.ActiveCfg = Release|x64
		{99F7EAEF-CA5E-4979-BB08-C0561A54C402}.Release|x64.Build.0 = Release|x64
		{99F7EAEF-CA5E-4979-BB08-C0561A54C402}.Release|x86.ActiveCfg = Release|Win32
		{99F7EAEF-CA5E-4979-BB08-C0561A54C402}.Release|x86.Build.0 = Release|Win32
		{41D1FBA4-80A4-475C-AC18-150CA77C8FD8}.Debug|x64.ActiveCfg = Debug|x64
		{41D1FBA4-80A4-475C-AC18-150CA77C8FD8}.Debug|x64.Build.0 = Debug|x64
		{41D1FBA4-80A4-475C-AC18-150CA77C8FD8}.Debug|x86.ActiveCfg = Debug|Win32
		{41D1FBA4-80A4-475C-AC18-150CA77C8FD8}.Debug|x86.Build.0 = Debug|Win32
		{41D1FBA4-80A4-475C-AC18-150CA77C8FD8}.Release|x64.ActiveCfg = Release|x64
		{41D1FBA4-80A4-475C-AC18-150CA77C8FD8}.Release|x64.Build.0 = Release|x64
		{41D1FBA4-80A4-475C-AC18-150CA77C8FD8}.Release|x86.ActiveCfg = Release|Win32
		{41D1FBA4-80A4-475C-AC18-150CA77C8FD8}.Release|x86.Build.0 = Release|Win32
		{E91A0941-5F5F-4961-9B5F-09BAE4445CC8}.Debug|x64.ActiveCfg = Debug|x64
		{E91A0941-5F5F-4961-9B5F-09BAE4445CC8}.Debug|x64.Build.0 = Debug|x64
		{E91A0941-5F5F-4961-9B5F-09BAE4445CC8}.Debug|x86.ActiveCfg = Debug|Win32
		{E91A0941-5F5F-4961-9B5F-09BAE4445CC8}.Debug|x86.Build.0 = Debug|Win32
		{E91A0941-5F5F-4961-9B5F-09BAE4445CC8}.Release|x64.ActiveCfg = Release|x64
		{E91A0941-5F5F-4961-9B5F-09BAE4445CC8}.Release|x64.Build.0 = Release|x64
		{E91A0941-5F5F-4961-9B5F-09BAE4445CC8}.Release|x86.ActiveCfg = Release|Win32
		{E91A0941-5F5F-4961-9B5F-09BAE4445CC8}.Release|x86.Build.0 = Release|Win32
		{221A6B94-704F-461F-9F8C-870AF3088040}.Debug|x64.ActiveCfg = Debug|x64
		{221A6B94-704F-461F-9F8C-870AF3088040}.Debug|x64.Build.0 = Debug|x64
		{221A6B94-704F-461F-9F8C-870AF3088040}.Debug|x86.ActiveCfg = Debug|Win32
		{221A6B94-704F-461F-9F8C-870AF3088040}.Debug|x86.Build.0 = Debug|Win32
		{221A6B94-704F-461F-9F8C-870AF3088040}.Release|x64.ActiveCfg = Release|x64
		{221A6B94-704F-461F-9F8C-870AF3088040}.Release|x64.Build.0 = Release|x64
		{221A6B94-704F-461F-9F8C-870AF3088040}.Release|x86.ActiveCfg = Release|Win32
		{221A6B94-704F-461F-9F8C-870AF3088040}.Release|x86.Build.0 = Release|Win32
		{9E7994E5-6CA1-4746-A374-38252DB0C5B1}.Debug|x64.ActiveCfg = Debug|x64
		{9E7994E5-6CA1-4746-A374-38252DB0C5B1}.Debug|x64.Build.0 = Debug|x64
		{9E7994E5-6CA1-4746-A374-38252DB0C5B1}.Debug|x86.ActiveCfg = Debug|Win32
		{9E7994E5-6CA1-4746-A374-38252DB0C5B1}.Debug|x86.Build.0 = Debug|Win32
		{9E7994E5-6CA1-4746-A374-38252DB0C5B1}.Release|x64.ActiveCfg = Release|x64
		{9E7994E5-6CA1-4746-A374-38252DB0C5B1}.Release|x64.Build.0 = Release|x64
		{9E7994E5-6CA1-4746-A374-38252DB0C5B1}.Release|x86.ActiveCfg = Release|Win32
		{9E7994E5-6CA1-4746-A374-38252DB0C5B1}.Release|x86.Build.0 = Release|Win32
		{17BC3DB4-7C04-4487-A1D1-7315F8B7C808}.Debug|x64.ActiveCfg = Debug|x64
		{17BC3DB4-7C04-4487-A1D1-7315F8B7C808}.Debug|x64.Build.0 = Debug|x64
		{17BC3DB4-7C04-4487-A1D1-7315F8B7C808}.Debug|x86.ActiveCfg = Debug|Win32
		{17BC3DB4-7C04-4487-A1D1-7315F8B7C808}.Debug|x86.Build.0 = Debug|Win32
		{17BC3DB4-7C04-4487-A1D1-7315F8B7C808}.Release|x64.ActiveCfg = Release|x64
		{17BC3DB4-7C04-4487-A1D1-7315F8B7C808}.Release|x64.Build.0 = Release|x64
		{17BC3DB4-7C04-4487-A1D1-7315F8B7C808}.Release|x86.ActiveCfg = Release|Win32
		{17BC3DB4-7C04-4487-A1D1-7315F8B7C808}.Release|x86.Build.0 = Release|Win32
		{E87FAFAE-C62D-4E57-BDB6-E79DBA00EF79}.Debug|x64.ActiveCfg = Debug|x64
		{E87FAFAE-C62D-4E57-BDB6-E79DBA00EF79}.Debug|x64.Build.0 = Debug|x64
		{E87FAFAE-C62D-4E57-BDB6-E79DBA00EF79}.Debug|x86.ActiveCfg = Debug|Win32
		{E87FAFAE-C62D-4E57-BDB6-E79DBA00EF79}.Debug|x86.Build.0 = Debug|Win32
		{E87FAFAE-C62D-4E57-BDB6-E79DBA00EF79}.Release|x64.ActiveCfg = Release|x64
		{E87FAFAE-C62D-4E57-BDB6-E79DBA00EF79}.Release|x64.Build.0 = Release|x64
		{E87FAFAE-C62D-4E57-BDB6-E79DBA00EF79}.Release|x86.ActiveCfg = Release|Win32
		{E87FAFAE-C62D-4E57-BDB6-E79DBA00EF79}.Release|x86.Build.0 = Release|Win32
		{06700174-5318-44AC-A4E9-13C77C51B92E}.Debug|x64.ActiveCfg = Debug|x64
		{06700174-5318-44AC-A4E9-13C77C51B92E}.Debug|x64.Build.0 = Debug|x64
		{06700174-5318-44AC-A4E9-13C77C51B92E}.Debug|x86.ActiveCfg = Debug|Win32
		{06700174-5318-44AC-A4E9-13C77C51B92E}.Debug|x86.Build.0 = Debug|Win32
		{06700174-5318-44AC-A4E9-13C77C51B92E}.Release|x64.ActiveCfg = Release|x64
		{06700174-5318-44AC-A4E9-13C77C51B92E}.Release|x64.Build.0 = Release|x64
		{06700174-5318-44AC-A4E9-13C77C51B92E}.Release|x86.ActiveCfg = Release|Win32
		{06700174-5318-44AC-A4E9-13C77C51B92E}.Release|x86.Build.0 = Release|Win32
		{B2C3DB61-CD15-4050-B659-8C7670C65FC3}.Debug|x64.ActiveCfg = Debug|x64
		{B2C3DB61-CD15-4050-B659-8C7670C65FC3}.Debug|x64.Build.0 = Debug|x64
		{B2C3DB61-CD15-4050-B659-8C7670C65FC3}.Debug|x86.ActiveCfg = Debug|Win32
		{B2C3DB61-CD15-4050-B659-8C7670C65FC3}.Debug|x86.Build.0 = Debug|Win32
		{B2C3DB61-CD15-4050-B659-8C7670C65FC3}.Release|x64.ActiveCfg = Release|x64
		{B2C3DB61-CD15-4050-B659-8C7670C65FC3}.Release|x64.Build.0 = Release|x64
		{B2C3DB61-CD15-4050-B659-8C7670C65FC3}.Release|x86.ActiveCfg = Release|Win32
		{B2C3DB61-CD15-4050-B659-8C7670C65FC3}.Release|x86.Build.0 = Release|Win32
		{D8B2406B-E04C-4658-85E2-9CD1EFCDB731}.Debug|x64.ActiveCfg = Debug|x64
		{D8B2406B-E04C-4658-85E2-9CD1EFCDB731}.Debug|x64.Build.0 = Debug|x64
		{D8B2406B-E04C-4658-85E2-9CD1EFCDB731}.Debug|x86.ActiveCfg = Debug|Win32
		{D8B2406B-E04C-4658-85E2-9CD1EFCDB731}.Debug|x86.Build.0 = Debug|Win32
		{D8B2406B-E04C-4658-85E2-9CD1EFCDB731}.Release|x64.ActiveCfg = Release|x64
		{D8B2406B-E04C-4658-85E2-9CD1EFCDB731}.Release|x64.Build.0 = Release|x64
		{D8B2406B-E04C-4658-85E2-9CD1EFCDB731}.Release|x86.ActiveCfg = Release|Win32
		{D8B2406B-E04C-4658-85E2-9CD1EFCDB731}.Release|x86.Build.0 = Release|Win32
		{47C155DF-FB35-4A8A-B672-2DABC71263C5}.Debug|x64.ActiveCfg = Debug|x64
		{47C155DF-FB35-4A8A-B672-2DABC71263C5}.Debug|x64.Build.0 = Debug|x64
		{47C155DF-FB35-4A8A-B672-2DABC71263C5}.Debug|x86.ActiveCfg = Debug|Win32
		{47C155DF-FB35-4A8A-B672-2DABC71263C5}.Debug|x86.Build.0 = Debug|Win32
		{47C155DF-FB35-4A8A-B672-2DABC71263C5}.Release|x64.ActiveCfg = Release|x64
		{47C155DF-FB35-4A8A-B672-2DABC71263C5}.Release|x64.Build.0 = Release|x64
		{47C155DF-FB35-4A8A-B672-2DABC71263C5}.Release|x86.ActiveCfg = Release|Win32
		{47C155DF-FB35-4A8A-B672-2DABC71263C5}.Release|x86.Build.0 = Release|Win32
		{C3A72C31-0927-4ED5-B290-CAD4F42D354A}.Debug|x64.ActiveCfg = Debug|x64
		{C3A72C31-0927-4ED5-B290-CAD4F42D354A}.Debug|x64.Build.0 = Debug|x64
		{C3A72C31-0927-4ED5-B290-CAD4F42D354A}.Debug|x86.ActiveCfg = Debug|Win32
		{C3A72C31-0927-4ED5-B290-CAD4F42D354A}.Debug|x86.Build.0 = Debug|Win32
		{C3A72C31-0927-4ED5-B290-CAD4F42D354A}.Release|x64.ActiveCfg = Release|x64
		{C3A72C31-0927-4ED5-B290-CAD4F42D354A}.Release|x64.Build.0 = Release|x64
		{C3A72C31-0927-4ED5-B290-CAD4F42D354A}.Release|x86.ActiveCfg = Release|Win32
		{C3A72C31-0927-4ED5-B290-CAD4F42D354A}.Release|x86.Build.0 = Release|Win32
		{C6085C7C-C6AC-4774-A06F-13D1D57DFF9F}.Debug|x64.ActiveCfg = Debug|x64
		{C6085C7C-C6AC-4774-A06F-13D1D57DFF9F}.Debug|x64.Build.0 = Debug|x64
		{C6085C7C-C6AC-4774-A06F-13D1D57DFF9F}.Debug|x86.ActiveCfg = Debug|Win32
		{C6085C7C-C6AC-4774-A06F-13D1D57DFF9F}.Debug|x86.Build.0 = Debug|Win32
		{C6085C7C-C6AC-4774-A06F-13D1D57DFF9F}.Release|x64.ActiveCfg = Release|x64
		{C6085C7C-C6AC-4774-A06F-13D1D57DFF9F}.Release|x64.Build.0 = Release|x64
		{C6085C7C-C6AC-4774-A06F-13D1D57DFF9F}.Release|x86.ActiveCfg = Release|Win32
		{C6085C7C-C6AC-4774-A06F-13D1D57DFF9F}.Release|x86.Build.0 = Release|Win32
		{5CE89327-5760-40E8-834E-7052AF1CE8D5}.Debug|x64.ActiveCfg = Debug|x64
		{5CE89327-5760-40E8-834E-7052AF1CE8D5}.Debug|x64.Build.0 = Debug|x64
		{5CE89327-5760-40E8-834E-7052AF1CE8D5}.Debug|x86.ActiveCfg = Debug|Win32
		{5CE89327-5760-40E8-834E-7052AF1CE8D5}.Debug|x86.Build.0 = Debug|Win32
		{5CE89327-5760-40E8-834E-7052AF1CE8D5}.Release|x64.ActiveCfg = Release|x64
		{5CE89327-5760-40E8-834E-7052AF1CE8D5}.Release|x64.Build.0 = Release|x64
		{5CE89327-5760-40E8-834E-7052AF1CE8D5}.Release|x86.ActiveCfg = Release|Win32
		{5CE89327-5760-40E8-834E-7052AF1CE8D5}.Release|x86.Build.0 = Release|Win32
		{4E8CE471-D60A-4638-A30B-2D9786BB4763}.Debug|x64.ActiveCfg = Debug|x64
		{4E8CE471-D60A-4638-A30B-2D9786BB4763}.Debug|x64.Build.0 = Debug|x64
		{4E8CE471-D60A-4638-A30B-2D9786BB4763}.Debug|x86.ActiveCfg = Debug|Win32
		{4E8CE471-D60A-4638-A30B-2D9786BB4763}.Debug|x86.Build.0 = Debug|Win32
		{4E8CE471-D60A-4638-A30B-2D9786BB4763}.Release|x64.ActiveCfg = Release|x64
		{4E8CE471-D60A-4638-A30B-2D9786BB4763}.Release|x64.Build.0 = Release|x64
		{4E8CE471-D60A-4638-A30B-2D9786BB4763}.Release|x86.ActiveCfg = Release|Win32
		{4E8CE471-D60A-4638-A30B-2D9786BB4763}.Release|x86.Build.0 = Release|Win32
		{2312B30F-1F40-452D-A582-A6AB004C0581}.Debug|x64.ActiveCfg = Debug|x64
		{2312B30F-1F40-452D-A582-A6AB004C0581}.Debug|x64.Build.0 = Debug|x64
		{2312B30F-1F40-452D-A582-A6AB004C0581}.Debug|x86.ActiveCfg = Debug|Win32
		{2312B30F-1F40-452D-A582-A6AB004C0581}.Debug|x86.Build.0 = Debug|Win32
		{2312B30F-1F40-452D-A582-A6AB004C0581}.Release|x64.ActiveCfg = Release|x64
		{2312B30F-1F40-452D-A582-A6AB004C0581}.Release|x64.Build.0 = Release|x64
		{2312B30F-1F40-452D-A582-A6AB004C0581}.Release|x86.ActiveCfg = Release|Win32
		{2312B30F-1F40-452D-A582-A6AB004C0581}.Release|x86.Build.0 = Release|Win32
		{F2F6E2F1-64D7-45F1-A299-4B739FCF5299}.Debug|x64.ActiveCfg = Debug|x64
		{F2F6E2F1-64D7-45F1-A299-4B739FCF5299}.Debug|x64.Build.0 = Debug|x64
		{F2F6E2F1-64D7-45F1-A299-4B739FCF5299}.Debug|x86.ActiveCfg = Debug|Win32
		{F2F6E2F1-64D7-45F1-A299-4B739FCF5299}.Debug|x86.Build.0 = Debug|Win32
		{F2F6E2F1-64D7-45F1-A299-4B739FCF5299}.Release|x64.ActiveCfg = Release|x64
		{F2F6E2F1-64D7-45F1-A299-4B739FCF5299}.Release|x64.Build.0 = Release|x64
		{F2F6E2F1-64D7-45F1-A299-4B739FCF5299}.Release|x86.ActiveCfg = Release|Win32
		{F2F6E2F1-64D7-45F1-A299-4B739FCF5299}.Release|x86.Build.0 = Release|Win32
		{BB58ED66-55D3-4EA3-A921-CA310302E84B}.Debug|x64.ActiveCfg = Debug|x64
		{BB58ED66-55D3-4EA3-A921-CA310302E84B}.Debug|x64.Build.0 = Debug|x64
		{BB58ED66-55D3-4EA3-A921-CA310302E84B}.Debug|x86.ActiveCfg = Debug|Win32
		{BB58ED66-55D3-4EA3-A921-CA310302E84B}.Debug|x86.Build.0 = Debug|Win32
		{BB58ED66-55D3-4EA3-A921-CA310302E84B}.Release|x64.ActiveCfg = Release|x64
		{BB58ED66-55D3-4EA3-A921-CA310302E84B}.Release|x64.Build.0 = Release|x64
		{BB58ED66-55D3-4EA3-A921-CA310302E84B}.Release|x86.ActiveCfg = Release|Win32
		{BB58ED66-55D3-4EA3-A921-CA310302E84B}.Release|x86.Build.0 = Release|Win32
		{B46C3736-D010-4404-96F6-503C331FE751}.Debug|x64.ActiveCfg = Debug|x64
		{B46C3736-D010-4404-96F6-503C331FE751}.Debug|x64.Build.0 = Debug|x64
		{B46C3736-D010-4404-96F6-503C331FE751}.Debug|x86.ActiveCfg = Debug|Win32
		{B46C3736-D010-4404-96F6-503C331FE751}.Debug|x86.Build.0 = Debug|Win32
		{B46C3736-D010-4404-96F6-503C331FE751}.Release|x64.ActiveCfg = Release|x64
		{B46C3736-D010-4404-96F6-503C331FE751}.Release|x64.Build.0 = Release|x64
		{B46C3736-D010-4404-96F6-503C331FE751}.Release|x86.ActiveCfg = Release|Win32
		{B46C3736-D010-4404-96F6-503C331FE751}.Release|x86.Build.0 = Release|Win32
		{78E596EE-9CE6-4731-A69A-C74969F29716}.Debug|x64.ActiveCfg = Debug|x64
		{78E596EE-9CE6-4731-A69A-C74969F29716}.Debug|x64.Build.0 = Debug|x64
		{78E596EE-9CE6-4731-A69A-C74969F29716}.Debug|x86.ActiveCfg = Debug|Win32
		{78E596EE-9CE6-4731-A69A-C74969F29716}.Debug|x86.Build.0 = Debug|Win32
		{78E596EE-9CE6-4731-A69A-C74969F29716}.Release|x64.ActiveCfg = Release|x64
		{78E596EE-9CE6-4731-A69A-C74969F29716}.Release|x64.Build.0 = Release|x64
		{78E596EE-9CE6-4731-A69A-C74969F29716}.Release|x86.ActiveCfg = Release|Win32
		{78E596EE-9CE6-4731-A69A-C74969F29716}.Release|x86.Build.0 = Release|Win32
		{F2E4B9B9-455D-4DB8-8F26-2B5CAA13027B}.Debug|x64.ActiveCfg = Debug|x64
		{F2E4B9B9-455D-4DB8-8F26-2B5CAA13027B}.Debug|x64.Build.0 = Debug|x64
		{F2E4B9B9-455D-4DB8-8F26-2B5CAA13027B}.Debug|x86.ActiveCfg = Debug|Win32
		{F2E4B9B9-455D-4DB8-8F26-2B5CAA13027B}.Debug|x86.Build.0 = Debug|Win32
		{F2E4B9B9-455D-4DB8-8F26-2B5CAA13027B}.Release|x64.ActiveCfg = Release|x64
		{F2E4B9B9-455D-4DB8-8F26-2B5CAA13027B}.Release|x64.Build.0 = Release|x64
		{F2E4B9B9-455D-4DB8-8F26-2B5CAA13027B}.Release|x86.ActiveCfg = Release|Win32
		{F2E4B9B9-455D-4DB8-8F26-2B5CAA13027B}.Release|x86.Build.0 = Release|Win32
		{02F9E3B0-8F78-4835-955D-7D1FEBA4487D}.Debug|x64.ActiveCfg = Debug|x64
		{02F9E3B0-8F78-4835-955D-7D1FEBA4487D}.Debug|x64.Build.0 = Debug|x64
		{02F9E3B0-8F78-4835-955D-7D1FEBA4487D}.Debug|x86.ActiveCfg = Debug|Win32
		{02F9E3B0-8F78-4835-955D-7D1FEBA4487D}.Debug|x86.Build.0 = Debug|Win32
		{02F9E3B0-8F78-4835-955D-7D1FEBA4487D}.Release|x64.ActiveCfg = Release|x64
		{02F9E3B0-8F78-4835-955D-7D1FEBA4487D}.Release|x64.Build.0 = Release|x64
		{02F9E3B0-8F78-4835-955D-7D1FEBA4487D}.Release|x86.ActiveCfg = Release|Win32
		{02F9E3B0-8F78-4835-955D-7D1FEBA4487D}.Release|x86.Build.0 = Release|Win32
		{E9D155EB-1365-4DAE-9576-9380E6639C18}.Debug|x64.ActiveCfg = Debug|x64
		{E9D155EB-1365-4DAE-9576-9380E6639C18}.Debug|x64.Build.0 = Debug|x64
		{E9D155EB-1365-4DAE-9576-9380E6639C18}.Debug|x86.ActiveCfg = Debug|Win32
		{E9D155EB-1365-4DAE-9576-9380E6639C18}.Debug|x86.Build.0 = Debug|Win32
		{E9D155EB-1365-4DAE-9576-9380E6639C18}.Release|x64.ActiveCfg = Release|x64
		{E9D155EB-1365-4DAE-9576-9380E6639C18}.Release|x64.Build.0 = Release|x64
		{E9D155EB-1365-4DAE-9576-9380E6639C18}.Release|x86.ActiveCfg = Release|Win32
		{E9D155EB-1365-4DAE-9576-9380E6639C18}.Release|x86.Build.0 = Release|Win32
		{0929B96A-5924-47E6-95FB-34C2105CE1EF}.Debug|x64.ActiveCfg = Debug|x64
		{0929B96A-5924-47E6-95FB-34C2105CE1EF}.Debug|x64.Build.0 = Debug|x64
		{0929B96A-5924-47E6-95FB-34C2105CE1EF}.Debug|x86.ActiveCfg = Debug|Win32
		{0929B96A-5924-47E6-95FB-34C2105CE1EF}.Debug|x86.Build.0 = Debug|Win32
		{0929B96A-5924-47E6-95FB-34C2105CE1EF}.Release|x64.ActiveCfg = Release|x64
		{0929B96A-5924-47E6-95FB-34C2105CE1EF}.Release|x64.Build.0 = Release|x64
		{0929B96A-5924-47E6-95FB-34C2105CE1EF}.Release|x86.ActiveCfg = Release|Win32
		{0929B96A-5924-47E6-95FB-34C2105CE1EF}.Release|x86.Build.0 = Release|Win32
		{77F02604-8906-4D28-9CF4-66B60ABF9621}.Debug|x64.ActiveCfg = Debug|x64
		{77F02604-8906-4D28-9CF4-66B60ABF9621}.Debug|x64.Build.0 = Debug|x64
		{77F02604-8906-4D28-9CF4-66B60ABF9621}.Debug|x86.ActiveCfg = Debug|Win32
		{77F02604-8906-4D28-9CF4-66B60ABF9621}.Debug|x86.Build.0 = Debug|Win32
		{77F02604-8906-4D28-9CF4-66B60ABF9621}.Release|x64.ActiveCfg = Release|x64
		{77F02604-8906-4D28-9CF4-66B60ABF9621}.Release|x64.Build.0 = Release|x64
		{77F02604-8906-4D28-9CF4-66B60ABF9621}.Release|x86.ActiveCfg = Release|Win32
		{77F02604-8906-4D28-9CF4-66B60ABF9621}.Release|x86.Build.0 = Release|Win32
		{041DB480-4B51-4F08-833F-5FF3D742240C}.Debug|x64.ActiveCfg = Debug|x64
		{041DB480-4B51-4F08-833F-5FF3D742240C}.Debug|x64.Build.0 = Debug|x64
		{041DB480-4B51-4F08-833F-5FF3D742240C}.Debug|x86.ActiveCfg = Debug|Win32
		{041DB480-4B51-4F08-833F-5FF3D742240C}.Debug|x86.Build.0 = Debug|Win32
		{041DB480-4B51-4F08-833F-5FF3D742240C}.Release|x64.ActiveCfg = Release|x64
		{041DB480-4B51-4F08-833F-5FF3D742240C}.Release|x64.Build.0 = Release|x64
		{041DB480-4B51-4F08-833F-5FF3D742240C}.Release|x86.ActiveCfg = Release|Win32
		{041DB480-4B51-4F08-833F-5FF3D742240C}.Release|x86.Build.0 = Release|Win32
		{AD942D9D-8920-4259-9137-95EB3F4C7033}.Debug|x64.ActiveCfg = Debug|x64
		{AD942D9D-8920-4259-9137-95EB3F4C7033}.Debug|x64.Build.0 = Debug|x64
		{AD942D9D-8920-4259-9137-95EB3F4C7033}.Debug|x86.ActiveCfg = Debug|Win32
		{AD942D9D-8920-4259-9137-95EB3F4C7033}.Debug|x86.Build.0 = Debug|Win32
		{AD942D9D-8920-4259-9137-95EB3F4C7033}.Release|x64.ActiveCfg = Release|x64
		{AD942D9D-8920-4259-9137-95EB3F4C7033}.Release|x64.Build.0 = Release|x64
		{AD942D9D-8920-4259-9137-95EB3F4C7033}.Release|x86.ActiveCfg = Release|Win32
		{AD942D9D-8920-4259-9137-95EB3F4C7033}.Release|x86.Build.0 = Release|Win32
		{CE74BFC7-3B00-4835-892D-AB6FF779167E}.Debug|x64.ActiveCfg = Debug|x64
		{CE74BFC7-3B00-4835-892D-AB6FF779167E}.Debug|x64.Build.0 = Debug|x64
		{CE74BFC7-3B00-4835-892D-AB6FF779167E}.Debug|x86.ActiveCfg = Debug|Win32
		{CE74BFC7-3B00-4835-892D-AB6FF779167E}.Debug|x86.Build.0 = Debug|Win32
		{CE74BFC7-3B00-4835-892D-AB6FF779167E}.Release|x64.ActiveCfg = Release|x64
		{CE74BFC7-3B00-4835-892D-AB6FF779167E}.Release|x64.Build.0 = Release|x64
		{CE74BFC7-3B00-4835-892D-AB6FF779167E}.Release|x86.ActiveCfg = Release|Win32
		{CE74BFC7-3B00-4835-892D-AB6FF779167E}.Release|x86.Build.0 = Release|Win32
		{47619E5E-9328-4784-86CB-01AC051DBA94}.Debug|x64.ActiveCfg = Debug|x64
		{47619E5E-9328-4784-86CB-01AC051DBA94}.Debug|x64.Build.0 = Debug|x64
		{47619E5E-9328-4784-86CB-01AC051DBA94}.Debug|x86.ActiveCfg = Debug|Win32
		{47619E5E-9328-4784-86CB-01AC051DBA94}.Debug|x86.Build.0 = Debug|Win32
		{47619E5E-9328-4784-86CB-01AC051DBA94}.Release|x64.ActiveCfg = Release|x64
		{47619E5E-9328-4784-86CB-01AC051DBA94}.Release|x64.Build.0 = Release|x64
		{47619E5E-9328-4784-86CB-01AC051DBA94}.Release|x86.ActiveCfg = Release|Win32
		{47619E5E-9328-4784-86CB-01AC051DBA94}.Release|x86.Build.0 = Release|Win32
		{3606C273-CEF4-45FB-987C-B8DF0EFA075A}.Debug|x64.ActiveCfg = Debug|x64
		{3606C273-CEF4-45FB-987C-B8DF0EFA075A}.Debug|x64.Build.0 = Debug|x64
		{3606C273-CEF4-45FB-987C-B8DF0EFA075A}.Debug|x86.ActiveCfg = Debug|Win32
		{3606C273-CEF4-45FB-987C-B8DF0EFA075A}.Debug|x86.Build.0 = Debug|Win32
		{3606C273-CEF4-45FB-987C-B8DF0EFA075A}.Release|x64.ActiveCfg = Release|x64
		{3606C273-CEF4-45FB-987C-B8DF0EFA075A}.Release|x64.Build.0 = Release|x64
		{3606C273-CEF4-45FB-987C-B8DF0EFA075A}.Release|x86.ActiveCfg = Release|Win32
		{3606C273-CEF4-45FB-987C-B8DF0EFA075A}.Release|x86.Build.0 = Release|Win32
	EndGlobalSection
	GlobalSection(SolutionProperties) = preSolution
		HideSolutionNode = FALSE
	EndGlobalSection
	GlobalSection(ExtensibilityGlobals) = postSolution
		SolutionGuid = {0E5771A0-D0CC-4559-8364-E178B603A069}
	EndGlobalSection
EndGlobal
