
Microsoft Visual Studio Solution File, Format Version 12.00
# Visual Studio Version 17
VisualStudioVersion = 17.10.35201.131
MinimumVisualStudioVersion = 10.0.40219.1
Project("{8BC9CEB8-8B4A-11D0-8D11-00A0C91BC942}") = "002_score", "002_score\002_score.vcxproj", "{47D5F9B4-7964-4F2F-ACF8-0194EA4A04B8}"
EndProject
Project("{8BC9CEB8-8B4A-11D0-8D11-00A0C91BC942}") = "003_진수", "003_진수\003_진수.vcxproj", "{E1E2501F-6D95-4637-BC5E-09C63E66C632}"
EndProject
Project("{8BC9CEB8-8B4A-11D0-8D11-00A0C91BC942}") = "004_variable", "004_variable\004_variable.vcxproj", "{0E98D761-A55A-4F35-892C-696BC05E76BD}"
EndProject
Project("{8BC9CEB8-8B4A-11D0-8D11-00A0C91BC942}") = "005_attendance score", "005_attendance score\005_attendance score.vcxproj", "{2FF8BF61-8D41-4946-A4A3-6A244FDDF415}"
EndProject
Project("{8BC9CEB8-8B4A-11D0-8D11-00A0C91BC942}") = "006_temperature", "006_temperature\006_temperature.vcxproj", "{43D92FA3-4DB9-45A0-A3AD-E122848E0EEE}"
EndProject
Project("{8BC9CEB8-8B4A-11D0-8D11-00A0C91BC942}") = "007_bmi", "007_bmi\007_bmi.vcxproj", "{A1B5E802-6DEA-40AA-B184-1A641EFC3BA4}"
EndProject
Project("{8BC9CEB8-8B4A-11D0-8D11-00A0C91BC942}") = "008_initialization", "008_initialization\008_initialization.vcxproj", "{E40BD087-DDA2-4C4E-9212-AD850CB525B0}"
EndProject
Project("{8BC9CEB8-8B4A-11D0-8D11-00A0C91BC942}") = "009_operator", "009_operator\009_operator.vcxproj", "{837BB0C5-CF0A-4EDD-8073-AF038C274979}"
EndProject
Project("{8BC9CEB8-8B4A-11D0-8D11-00A0C91BC942}") = "010_relational operator", "010_relational operator\010_relational operator.vcxproj", "{8289068C-395B-4A86-9921-7D7B483B88D5}"
EndProject
Project("{8BC9CEB8-8B4A-11D0-8D11-00A0C91BC942}") = "011_logical operator", "011_logical operator\011_logical operator.vcxproj", "{D0DAA805-403A-483E-8FFF-374948C080B4}"
EndProject
Project("{8BC9CEB8-8B4A-11D0-8D11-00A0C91BC942}") = "012_digit", "012_digit\012_digit.vcxproj", "{498284E8-9228-4D5F-902D-97E0CD74180C}"
EndProject
Project("{8BC9CEB8-8B4A-11D0-8D11-00A0C91BC942}") = "016_c.f", "016_c.f\016_c.f.vcxproj", "{3036C404-BE5D-4AF4-BF73-250978E928F7}"
EndProject
Project("{8BC9CEB8-8B4A-11D0-8D11-00A0C91BC942}") = "017_decimal number", "017_decimal number\017_decimal number.vcxproj", "{EF53F567-061E-4C39-9316-6762E650994B}"
EndProject
Project("{8BC9CEB8-8B4A-11D0-8D11-00A0C91BC942}") = "018_sum", "018_sum\018_sum.vcxproj", "{7DA9BE81-0831-4BA4-89F0-C5712FC9E1F0}"
EndProject
Project("{8BC9CEB8-8B4A-11D0-8D11-00A0C91BC942}") = "019_odd.even", "019_odd.even\019_odd.even.vcxproj", "{CC178384-97D8-443F-B9C2-F0E8B19D0D2F}"
EndProject
Project("{8BC9CEB8-8B4A-11D0-8D11-00A0C91BC942}") = "020_sum2", "20_sum2\20_sum2.vcxproj", "{4BB109E0-E019-4B6B-AF4E-87F44C6841BF}"
EndProject
Project("{8BC9CEB8-8B4A-11D0-8D11-00A0C91BC942}") = "021_sum3", "021_sum3\021_sum3.vcxproj", "{BCB04373-A7AD-4531-BD1C-31C43332CEEC}"
EndProject
Project("{8BC9CEB8-8B4A-11D0-8D11-00A0C91BC942}") = "022_gugudan", "022_gugudan\022_gugudan.vcxproj", "{C2967644-08B0-4A06-B67A-9C39ED07D00D}"
EndProject
Project("{8BC9CEB8-8B4A-11D0-8D11-00A0C91BC942}") = "000_name", "000_name\000_name.vcxproj", "{1DF129A8-4D88-4614-9326-0698EE2100F9}"
EndProject
Project("{8BC9CEB8-8B4A-11D0-8D11-00A0C91BC942}") = "023_multiplication", "023_multiplication\023_multiplication.vcxproj", "{5C3C0518-8166-4809-A5BB-B821EDC8A750}"
EndProject
Project("{8BC9CEB8-8B4A-11D0-8D11-00A0C91BC942}") = "024_triangle", "024_triangle\024_triangle.vcxproj", "{BB70710C-F9D0-4BF1-99E3-B32D0C40391B}"
EndProject
Project("{8BC9CEB8-8B4A-11D0-8D11-00A0C91BC942}") = "025_divider", "025_divider\025_divider.vcxproj", "{D6557174-1A2E-4CE0-A5FF-C748EC41D09C}"
EndProject
Project("{8BC9CEB8-8B4A-11D0-8D11-00A0C91BC942}") = "026_numberTriangle", "026_numberTriangle\026_numberTriangle.vcxproj", "{0D704DB9-A236-479B-828C-3FF79586AEF1}"
EndProject
Project("{8BC9CEB8-8B4A-11D0-8D11-00A0C91BC942}") = "027_ pyramid", "027_ pyramid\027_ pyramid.vcxproj", "{1083B693-4E77-4C0A-8372-7DC26E05BBF6}"
EndProject
Project("{8BC9CEB8-8B4A-11D0-8D11-00A0C91BC942}") = "028_Diamond", "028_Diamond\028_Diamond.vcxproj", "{8005C447-EC5E-4406-A855-C8BA3115BA36}"
EndProject
Project("{8BC9CEB8-8B4A-11D0-8D11-00A0C91BC942}") = "029_array", "029_array\029_array.vcxproj", "{B3AF2FE0-7525-4520-B83C-3A4D7000DAAE}"
EndProject
Project("{8BC9CEB8-8B4A-11D0-8D11-00A0C91BC942}") = "030_secondMax", "030_secondMax\030_secondMax.vcxproj", "{21CA7D90-1E15-4B4A-87F5-97CB1971F20D}"
EndProject
Project("{8BC9CEB8-8B4A-11D0-8D11-00A0C91BC942}") = "031_array2", "031_array2\031_array2.vcxproj", "{126570A2-8E35-4143-BCE3-B23142FE2E94}"
EndProject
Project("{8BC9CEB8-8B4A-11D0-8D11-00A0C91BC942}") = "032_str", "032_str\032_str.vcxproj", "{39C80307-8BFA-4B6E-A2A0-320DAF366533}"
EndProject
Project("{8BC9CEB8-8B4A-11D0-8D11-00A0C91BC942}") = "033_strcat", "033_strcat\033_strcat.vcxproj", "{99F7EAEF-CA5E-4979-BB08-C0561A54C402}"
EndProject
Global
	GlobalSection(SolutionConfigurationPlatforms) = preSolution
		Debug|x64 = Debug|x64
		Debug|x86 = Debug|x86
		Release|x64 = Release|x64
		Release|x86 = Release|x86
	EndGlobalSection
	GlobalSection(ProjectConfigurationPlatforms) = postSolution
		{47D5F9B4-7964-4F2F-ACF8-0194EA4A04B8}.Debug|x64.ActiveCfg = Debug|x64
		{47D5F9B4-7964-4F2F-ACF8-0194EA4A04B8}.Debug|x64.Build.0 = Debug|x64
		{47D5F9B4-7964-4F2F-ACF8-0194EA4A04B8}.Debug|x86.ActiveCfg = Debug|Win32
		{47D5F9B4-7964-4F2F-ACF8-0194EA4A04B8}.Debug|x86.Build.0 = Debug|Win32
		{47D5F9B4-7964-4F2F-ACF8-0194EA4A04B8}.Release|x64.ActiveCfg = Release|x64
		{47D5F9B4-7964-4F2F-ACF8-0194EA4A04B8}.Release|x64.Build.0 = Release|x64
		{47D5F9B4-7964-4F2F-ACF8-0194EA4A04B8}.Release|x86.ActiveCfg = Release|Win32
		{47D5F9B4-7964-4F2F-ACF8-0194EA4A04B8}.Release|x86.Build.0 = Release|Win32
		{E1E2501F-6D95-4637-BC5E-09C63E66C632}.Debug|x64.ActiveCfg = Debug|x64
		{E1E2501F-6D95-4637-BC5E-09C63E66C632}.Debug|x64.Build.0 = Debug|x64
		{E1E2501F-6D95-4637-BC5E-09C63E66C632}.Debug|x86.ActiveCfg = Debug|Win32
		{E1E2501F-6D95-4637-BC5E-09C63E66C632}.Debug|x86.Build.0 = Debug|Win32
		{E1E2501F-6D95-4637-BC5E-09C63E66C632}.Release|x64.ActiveCfg = Release|x64
		{E1E2501F-6D95-4637-BC5E-09C63E66C632}.Release|x64.Build.0 = Release|x64
		{E1E2501F-6D95-4637-BC5E-09C63E66C632}.Release|x86.ActiveCfg = Release|Win32
		{E1E2501F-6D95-4637-BC5E-09C63E66C632}.Release|x86.Build.0 = Release|Win32
		{0E98D761-A55A-4F35-892C-696BC05E76BD}.Debug|x64.ActiveCfg = Debug|x64
		{0E98D761-A55A-4F35-892C-696BC05E76BD}.Debug|x64.Build.0 = Debug|x64
		{0E98D761-A55A-4F35-892C-696BC05E76BD}.Debug|x86.ActiveCfg = Debug|Win32
		{0E98D761-A55A-4F35-892C-696BC05E76BD}.Debug|x86.Build.0 = Debug|Win32
		{0E98D761-A55A-4F35-892C-696BC05E76BD}.Release|x64.ActiveCfg = Release|x64
		{0E98D761-A55A-4F35-892C-696BC05E76BD}.Release|x64.Build.0 = Release|x64
		{0E98D761-A55A-4F35-892C-696BC05E76BD}.Release|x86.ActiveCfg = Release|Win32
		{0E98D761-A55A-4F35-892C-696BC05E76BD}.Release|x86.Build.0 = Release|Win32
		{2FF8BF61-8D41-4946-A4A3-6A244FDDF415}.Debug|x64.ActiveCfg = Debug|x64
		{2FF8BF61-8D41-4946-A4A3-6A244FDDF415}.Debug|x64.Build.0 = Debug|x64
		{2FF8BF61-8D41-4946-A4A3-6A244FDDF415}.Debug|x86.ActiveCfg = Debug|Win32
		{2FF8BF61-8D41-4946-A4A3-6A244FDDF415}.Debug|x86.Build.0 = Debug|Win32
		{2FF8BF61-8D41-4946-A4A3-6A244FDDF415}.Release|x64.ActiveCfg = Release|x64
		{2FF8BF61-8D41-4946-A4A3-6A244FDDF415}.Release|x64.Build.0 = Release|x64
		{2FF8BF61-8D41-4946-A4A3-6A244FDDF415}.Release|x86.ActiveCfg = Release|Win32
		{2FF8BF61-8D41-4946-A4A3-6A244FDDF415}.Release|x86.Build.0 = Release|Win32
		{43D92FA3-4DB9-45A0-A3AD-E122848E0EEE}.Debug|x64.ActiveCfg = Debug|x64
		{43D92FA3-4DB9-45A0-A3AD-E122848E0EEE}.Debug|x64.Build.0 = Debug|x64
		{43D92FA3-4DB9-45A0-A3AD-E122848E0EEE}.Debug|x86.ActiveCfg = Debug|Win32
		{43D92FA3-4DB9-45A0-A3AD-E122848E0EEE}.Debug|x86.Build.0 = Debug|Win32
		{43D92FA3-4DB9-45A0-A3AD-E122848E0EEE}.Release|x64.ActiveCfg = Release|x64
		{43D92FA3-4DB9-45A0-A3AD-E122848E0EEE}.Release|x64.Build.0 = Release|x64
		{43D92FA3-4DB9-45A0-A3AD-E122848E0EEE}.Release|x86.ActiveCfg = Release|Win32
		{43D92FA3-4DB9-45A0-A3AD-E122848E0EEE}.Release|x86.Build.0 = Release|Win32
		{A1B5E802-6DEA-40AA-B184-1A641EFC3BA4}.Debug|x64.ActiveCfg = Debug|x64
		{A1B5E802-6DEA-40AA-B184-1A641EFC3BA4}.Debug|x64.Build.0 = Debug|x64
		{A1B5E802-6DEA-40AA-B184-1A641EFC3BA4}.Debug|x86.ActiveCfg = Debug|Win32
		{A1B5E802-6DEA-40AA-B184-1A641EFC3BA4}.Debug|x86.Build.0 = Debug|Win32
		{A1B5E802-6DEA-40AA-B184-1A641EFC3BA4}.Release|x64.ActiveCfg = Release|x64
		{A1B5E802-6DEA-40AA-B184-1A641EFC3BA4}.Release|x64.Build.0 = Release|x64
		{A1B5E802-6DEA-40AA-B184-1A641EFC3BA4}.Release|x86.ActiveCfg = Release|Win32
		{A1B5E802-6DEA-40AA-B184-1A641EFC3BA4}.Release|x86.Build.0 = Release|Win32
		{E40BD087-DDA2-4C4E-9212-AD850CB525B0}.Debug|x64.ActiveCfg = Debug|x64
		{E40BD087-DDA2-4C4E-9212-AD850CB525B0}.Debug|x64.Build.0 = Debug|x64
		{E40BD087-DDA2-4C4E-9212-AD850CB525B0}.Debug|x86.ActiveCfg = Debug|Win32
		{E40BD087-DDA2-4C4E-9212-AD850CB525B0}.Debug|x86.Build.0 = Debug|Win32
		{E40BD087-DDA2-4C4E-9212-AD850CB525B0}.Release|x64.ActiveCfg = Release|x64
		{E40BD087-DDA2-4C4E-9212-AD850CB525B0}.Release|x64.Build.0 = Release|x64
		{E40BD087-DDA2-4C4E-9212-AD850CB525B0}.Release|x86.ActiveCfg = Release|Win32
		{E40BD087-DDA2-4C4E-9212-AD850CB525B0}.Release|x86.Build.0 = Release|Win32
		{837BB0C5-CF0A-4EDD-8073-AF038C274979}.Debug|x64.ActiveCfg = Debug|x64
		{837BB0C5-CF0A-4EDD-8073-AF038C274979}.Debug|x64.Build.0 = Debug|x64
		{837BB0C5-CF0A-4EDD-8073-AF038C274979}.Debug|x86.ActiveCfg = Debug|Win32
		{837BB0C5-CF0A-4EDD-8073-AF038C274979}.Debug|x86.Build.0 = Debug|Win32
		{837BB0C5-CF0A-4EDD-8073-AF038C274979}.Release|x64.ActiveCfg = Release|x64
		{837BB0C5-CF0A-4EDD-8073-AF038C274979}.Release|x64.Build.0 = Release|x64
		{837BB0C5-CF0A-4EDD-8073-AF038C274979}.Release|x86.ActiveCfg = Release|Win32
		{837BB0C5-CF0A-4EDD-8073-AF038C274979}.Release|x86.Build.0 = Release|Win32
		{8289068C-395B-4A86-9921-7D7B483B88D5}.Debug|x64.ActiveCfg = Debug|x64
		{8289068C-395B-4A86-9921-7D7B483B88D5}.Debug|x64.Build.0 = Debug|x64
		{8289068C-395B-4A86-9921-7D7B483B88D5}.Debug|x86.ActiveCfg = Debug|Win32
		{8289068C-395B-4A86-9921-7D7B483B88D5}.Debug|x86.Build.0 = Debug|Win32
		{8289068C-395B-4A86-9921-7D7B483B88D5}.Release|x64.ActiveCfg = Release|x64
		{8289068C-395B-4A86-9921-7D7B483B88D5}.Release|x64.Build.0 = Release|x64
		{8289068C-395B-4A86-9921-7D7B483B88D5}.Release|x86.ActiveCfg = Release|Win32
		{8289068C-395B-4A86-9921-7D7B483B88D5}.Release|x86.Build.0 = Release|Win32
		{D0DAA805-403A-483E-8FFF-374948C080B4}.Debug|x64.ActiveCfg = Debug|x64
		{D0DAA805-403A-483E-8FFF-374948C080B4}.Debug|x64.Build.0 = Debug|x64
		{D0DAA805-403A-483E-8FFF-374948C080B4}.Debug|x86.ActiveCfg = Debug|Win32
		{D0DAA805-403A-483E-8FFF-374948C080B4}.Debug|x86.Build.0 = Debug|Win32
		{D0DAA805-403A-483E-8FFF-374948C080B4}.Release|x64.ActiveCfg = Release|x64
		{D0DAA805-403A-483E-8FFF-374948C080B4}.Release|x64.Build.0 = Release|x64
		{D0DAA805-403A-483E-8FFF-374948C080B4}.Release|x86.ActiveCfg = Release|Win32
		{D0DAA805-403A-483E-8FFF-374948C080B4}.Release|x86.Build.0 = Release|Win32
		{498284E8-9228-4D5F-902D-97E0CD74180C}.Debug|x64.ActiveCfg = Debug|x64
		{498284E8-9228-4D5F-902D-97E0CD74180C}.Debug|x64.Build.0 = Debug|x64
		{498284E8-9228-4D5F-902D-97E0CD74180C}.Debug|x86.ActiveCfg = Debug|Win32
		{498284E8-9228-4D5F-902D-97E0CD74180C}.Debug|x86.Build.0 = Debug|Win32
		{498284E8-9228-4D5F-902D-97E0CD74180C}.Release|x64.ActiveCfg = Release|x64
		{498284E8-9228-4D5F-902D-97E0CD74180C}.Release|x64.Build.0 = Release|x64
		{498284E8-9228-4D5F-902D-97E0CD74180C}.Release|x86.ActiveCfg = Release|Win32
		{498284E8-9228-4D5F-902D-97E0CD74180C}.Release|x86.Build.0 = Release|Win32
		{3036C404-BE5D-4AF4-BF73-250978E928F7}.Debug|x64.ActiveCfg = Debug|x64
		{3036C404-BE5D-4AF4-BF73-250978E928F7}.Debug|x64.Build.0 = Debug|x64
		{3036C404-BE5D-4AF4-BF73-250978E928F7}.Debug|x86.ActiveCfg = Debug|Win32
		{3036C404-BE5D-4AF4-BF73-250978E928F7}.Debug|x86.Build.0 = Debug|Win32
		{3036C404-BE5D-4AF4-BF73-250978E928F7}.Release|x64.ActiveCfg = Release|x64
		{3036C404-BE5D-4AF4-BF73-250978E928F7}.Release|x64.Build.0 = Release|x64
		{3036C404-BE5D-4AF4-BF73-250978E928F7}.Release|x86.ActiveCfg = Release|Win32
		{3036C404-BE5D-4AF4-BF73-250978E928F7}.Release|x86.Build.0 = Release|Win32
		{EF53F567-061E-4C39-9316-6762E650994B}.Debug|x64.ActiveCfg = Debug|x64
		{EF53F567-061E-4C39-9316-6762E650994B}.Debug|x64.Build.0 = Debug|x64
		{EF53F567-061E-4C39-9316-6762E650994B}.Debug|x86.ActiveCfg = Debug|Win32
		{EF53F567-061E-4C39-9316-6762E650994B}.Debug|x86.Build.0 = Debug|Win32
		{EF53F567-061E-4C39-9316-6762E650994B}.Release|x64.ActiveCfg = Release|x64
		{EF53F567-061E-4C39-9316-6762E650994B}.Release|x64.Build.0 = Release|x64
		{EF53F567-061E-4C39-9316-6762E650994B}.Release|x86.ActiveCfg = Release|Win32
		{EF53F567-061E-4C39-9316-6762E650994B}.Release|x86.Build.0 = Release|Win32
		{7DA9BE81-0831-4BA4-89F0-C5712FC9E1F0}.Debug|x64.ActiveCfg = Debug|x64
		{7DA9BE81-0831-4BA4-89F0-C5712FC9E1F0}.Debug|x64.Build.0 = Debug|x64
		{7DA9BE81-0831-4BA4-89F0-C5712FC9E1F0}.Debug|x86.ActiveCfg = Debug|Win32
		{7DA9BE81-0831-4BA4-89F0-C5712FC9E1F0}.Debug|x86.Build.0 = Debug|Win32
		{7DA9BE81-0831-4BA4-89F0-C5712FC9E1F0}.Release|x64.ActiveCfg = Release|x64
		{7DA9BE81-0831-4BA4-89F0-C5712FC9E1F0}.Release|x64.Build.0 = Release|x64
		{7DA9BE81-0831-4BA4-89F0-C5712FC9E1F0}.Release|x86.ActiveCfg = Release|Win32
		{7DA9BE81-0831-4BA4-89F0-C5712FC9E1F0}.Release|x86.Build.0 = Release|Win32
		{CC178384-97D8-443F-B9C2-F0E8B19D0D2F}.Debug|x64.ActiveCfg = Debug|x64
		{CC178384-97D8-443F-B9C2-F0E8B19D0D2F}.Debug|x64.Build.0 = Debug|x64
		{CC178384-97D8-443F-B9C2-F0E8B19D0D2F}.Debug|x86.ActiveCfg = Debug|Win32
		{CC178384-97D8-443F-B9C2-F0E8B19D0D2F}.Debug|x86.Build.0 = Debug|Win32
		{CC178384-97D8-443F-B9C2-F0E8B19D0D2F}.Release|x64.ActiveCfg = Release|x64
		{CC178384-97D8-443F-B9C2-F0E8B19D0D2F}.Release|x64.Build.0 = Release|x64
		{CC178384-97D8-443F-B9C2-F0E8B19D0D2F}.Release|x86.ActiveCfg = Release|Win32
		{CC178384-97D8-443F-B9C2-F0E8B19D0D2F}.Release|x86.Build.0 = Release|Win32
		{4BB109E0-E019-4B6B-AF4E-87F44C6841BF}.Debug|x64.ActiveCfg = Debug|x64
		{4BB109E0-E019-4B6B-AF4E-87F44C6841BF}.Debug|x64.Build.0 = Debug|x64
		{4BB109E0-E019-4B6B-AF4E-87F44C6841BF}.Debug|x86.ActiveCfg = Debug|Win32
		{4BB109E0-E019-4B6B-AF4E-87F44C6841BF}.Debug|x86.Build.0 = Debug|Win32
		{4BB109E0-E019-4B6B-AF4E-87F44C6841BF}.Release|x64.ActiveCfg = Release|x64
		{4BB109E0-E019-4B6B-AF4E-87F44C6841BF}.Release|x64.Build.0 = Release|x64
		{4BB109E0-E019-4B6B-AF4E-87F44C6841BF}.Release|x86.ActiveCfg = Release|Win32
		{4BB109E0-E019-4B6B-AF4E-87F44C6841BF}.Release|x86.Build.0 = Release|Win32
		{BCB04373-A7AD-4531-BD1C-31C43332CEEC}.Debug|x64.ActiveCfg = Debug|x64
		{BCB04373-A7AD-4531-BD1C-31C43332CEEC}.Debug|x64.Build.0 = Debug|x64
		{BCB04373-A7AD-4531-BD1C-31C43332CEEC}.Debug|x86.ActiveCfg = Debug|Win32
		{BCB04373-A7AD-4531-BD1C-31C43332CEEC}.Debug|x86.Build.0 = Debug|Win32
		{BCB04373-A7AD-4531-BD1C-31C43332CEEC}.Release|x64.ActiveCfg = Release|x64
		{BCB04373-A7AD-4531-BD1C-31C43332CEEC}.Release|x64.Build.0 = Release|x64
		{BCB04373-A7AD-4531-BD1C-31C43332CEEC}.Release|x86.ActiveCfg = Release|Win32
		{BCB04373-A7AD-4531-BD1C-31C43332CEEC}.Release|x86.Build.0 = Release|Win32
		{C2967644-08B0-4A06-B67A-9C39ED07D00D}.Debug|x64.ActiveCfg = Debug|x64
		{C2967644-08B0-4A06-B67A-9C39ED07D00D}.Debug|x64.Build.0 = Debug|x64
		{C2967644-08B0-4A06-B67A-9C39ED07D00D}.Debug|x86.ActiveCfg = Debug|Win32
		{C2967644-08B0-4A06-B67A-9C39ED07D00D}.Debug|x86.Build.0 = Debug|Win32
		{C2967644-08B0-4A06-B67A-9C39ED07D00D}.Release|x64.ActiveCfg = Release|x64
		{C2967644-08B0-4A06-B67A-9C39ED07D00D}.Release|x64.Build.0 = Release|x64
		{C2967644-08B0-4A06-B67A-9C39ED07D00D}.Release|x86.ActiveCfg = Release|Win32
		{C2967644-08B0-4A06-B67A-9C39ED07D00D}.Release|x86.Build.0 = Release|Win32
		{1DF129A8-4D88-4614-9326-0698EE2100F9}.Debug|x64.ActiveCfg = Debug|x64
		{1DF129A8-4D88-4614-9326-0698EE2100F9}.Debug|x64.Build.0 = Debug|x64
		{1DF129A8-4D88-4614-9326-0698EE2100F9}.Debug|x86.ActiveCfg = Debug|Win32
		{1DF129A8-4D88-4614-9326-0698EE2100F9}.Debug|x86.Build.0 = Debug|Win32
		{1DF129A8-4D88-4614-9326-0698EE2100F9}.Release|x64.ActiveCfg = Release|x64
		{1DF129A8-4D88-4614-9326-0698EE2100F9}.Release|x64.Build.0 = Release|x64
		{1DF129A8-4D88-4614-9326-0698EE2100F9}.Release|x86.ActiveCfg = Release|Win32
		{1DF129A8-4D88-4614-9326-0698EE2100F9}.Release|x86.Build.0 = Release|Win32
		{5C3C0518-8166-4809-A5BB-B821EDC8A750}.Debug|x64.ActiveCfg = Debug|x64
		{5C3C0518-8166-4809-A5BB-B821EDC8A750}.Debug|x64.Build.0 = Debug|x64
		{5C3C0518-8166-4809-A5BB-B821EDC8A750}.Debug|x86.ActiveCfg = Debug|Win32
		{5C3C0518-8166-4809-A5BB-B821EDC8A750}.Debug|x86.Build.0 = Debug|Win32
		{5C3C0518-8166-4809-A5BB-B821EDC8A750}.Release|x64.ActiveCfg = Release|x64
		{5C3C0518-8166-4809-A5BB-B821EDC8A750}.Release|x64.Build.0 = Release|x64
		{5C3C0518-8166-4809-A5BB-B821EDC8A750}.Release|x86.ActiveCfg = Release|Win32
		{5C3C0518-8166-4809-A5BB-B821EDC8A750}.Release|x86.Build.0 = Release|Win32
		{BB70710C-F9D0-4BF1-99E3-B32D0C40391B}.Debug|x64.ActiveCfg = Debug|x64
		{BB70710C-F9D0-4BF1-99E3-B32D0C40391B}.Debug|x64.Build.0 = Debug|x64
		{BB70710C-F9D0-4BF1-99E3-B32D0C40391B}.Debug|x86.ActiveCfg = Debug|Win32
		{BB70710C-F9D0-4BF1-99E3-B32D0C40391B}.Debug|x86.Build.0 = Debug|Win32
		{BB70710C-F9D0-4BF1-99E3-B32D0C40391B}.Release|x64.ActiveCfg = Release|x64
		{BB70710C-F9D0-4BF1-99E3-B32D0C40391B}.Release|x64.Build.0 = Release|x64
		{BB70710C-F9D0-4BF1-99E3-B32D0C40391B}.Release|x86.ActiveCfg = Release|Win32
		{BB70710C-F9D0-4BF1-99E3-B32D0C40391B}.Release|x86.Build.0 = Release|Win32
		{D6557174-1A2E-4CE0-A5FF-C748EC41D09C}.Debug|x64.ActiveCfg = Debug|x64
		{D6557174-1A2E-4CE0-A5FF-C748EC41D09C}.Debug|x64.Build.0 = Debug|x64
		{D6557174-1A2E-4CE0-A5FF-C748EC41D09C}.Debug|x86.ActiveCfg = Debug|Win32
		{D6557174-1A2E-4CE0-A5FF-C748EC41D09C}.Debug|x86.Build.0 = Debug|Win32
		{D6557174-1A2E-4CE0-A5FF-C748EC41D09C}.Release|x64.ActiveCfg = Release|x64
		{D6557174-1A2E-4CE0-A5FF-C748EC41D09C}.Release|x64.Build.0 = Release|x64
		{D6557174-1A2E-4CE0-A5FF-C748EC41D09C}.Release|x86.ActiveCfg = Release|Win32
		{D6557174-1A2E-4CE0-A5FF-C748EC41D09C}.Release|x86.Build.0 = Release|Win32
		{0D704DB9-A236-479B-828C-3FF79586AEF1}.Debug|x64.ActiveCfg = Debug|x64
		{0D704DB9-A236-479B-828C-3FF79586AEF1}.Debug|x64.Build.0 = Debug|x64
		{0D704DB9-A236-479B-828C-3FF79586AEF1}.Debug|x86.ActiveCfg = Debug|Win32
		{0D704DB9-A236-479B-828C-3FF79586AEF1}.Debug|x86.Build.0 = Debug|Win32
		{0D704DB9-A236-479B-828C-3FF79586AEF1}.Release|x64.ActiveCfg = Release|x64
		{0D704DB9-A236-479B-828C-3FF79586AEF1}.Release|x64.Build.0 = Release|x64
		{0D704DB9-A236-479B-828C-3FF79586AEF1}.Release|x86.ActiveCfg = Release|Win32
		{0D704DB9-A236-479B-828C-3FF79586AEF1}.Release|x86.Build.0 = Release|Win32
		{1083B693-4E77-4C0A-8372-7DC26E05BBF6}.Debug|x64.ActiveCfg = Debug|x64
		{1083B693-4E77-4C0A-8372-7DC26E05BBF6}.Debug|x64.Build.0 = Debug|x64
		{1083B693-4E77-4C0A-8372-7DC26E05BBF6}.Debug|x86.ActiveCfg = Debug|Win32
		{1083B693-4E77-4C0A-8372-7DC26E05BBF6}.Debug|x86.Build.0 = Debug|Win32
		{1083B693-4E77-4C0A-8372-7DC26E05BBF6}.Release|x64.ActiveCfg = Release|x64
		{1083B693-4E77-4C0A-8372-7DC26E05BBF6}.Release|x64.Build.0 = Release|x64
		{1083B693-4E77-4C0A-8372-7DC26E05BBF6}.Release|x86.ActiveCfg = Release|Win32
		{1083B693-4E77-4C0A-8372-7DC26E05BBF6}.Release|x86.Build.0 = Release|Win32
		{8005C447-EC5E-4406-A855-C8BA3115BA36}.Debug|x64.ActiveCfg = Debug|x64
		{8005C447-EC5E-4406-A855-C8BA3115BA36}.Debug|x64.Build.0 = Debug|x64
		{8005C447-EC5E-4406-A855-C8BA3115BA36}.Debug|x86.ActiveCfg = Debug|Win32
		{8005C447-EC5E-4406-A855-C8BA3115BA36}.Debug|x86.Build.0 = Debug|Win32
		{8005C447-EC5E-4406-A855-C8BA3115BA36}.Release|x64.ActiveCfg = Release|x64
		{8005C447-EC5E-4406-A855-C8BA3115BA36}.Release|x64.Build.0 = Release|x64
		{8005C447-EC5E-4406-A855-C8BA3115BA36}.Release|x86.ActiveCfg = Release|Win32
		{8005C447-EC5E-4406-A855-C8BA3115BA36}.Release|x86.Build.0 = Release|Win32
		{B3AF2FE0-7525-4520-B83C-3A4D7000DAAE}.Debug|x64.ActiveCfg = Debug|x64
		{B3AF2FE0-7525-4520-B83C-3A4D7000DAAE}.Debug|x64.Build.0 = Debug|x64
		{B3AF2FE0-7525-4520-B83C-3A4D7000DAAE}.Debug|x86.ActiveCfg = Debug|Win32
		{B3AF2FE0-7525-4520-B83C-3A4D7000DAAE}.Debug|x86.Build.0 = Debug|Win32
		{B3AF2FE0-7525-4520-B83C-3A4D7000DAAE}.Release|x64.ActiveCfg = Release|x64
		{B3AF2FE0-7525-4520-B83C-3A4D7000DAAE}.Release|x64.Build.0 = Release|x64
		{B3AF2FE0-7525-4520-B83C-3A4D7000DAAE}.Release|x86.ActiveCfg = Release|Win32
		{B3AF2FE0-7525-4520-B83C-3A4D7000DAAE}.Release|x86.Build.0 = Release|Win32
		{21CA7D90-1E15-4B4A-87F5-97CB1971F20D}.Debug|x64.ActiveCfg = Debug|x64
		{21CA7D90-1E15-4B4A-87F5-97CB1971F20D}.Debug|x64.Build.0 = Debug|x64
		{21CA7D90-1E15-4B4A-87F5-97CB1971F20D}.Debug|x86.ActiveCfg = Debug|Win32
		{21CA7D90-1E15-4B4A-87F5-97CB1971F20D}.Debug|x86.Build.0 = Debug|Win32
		{21CA7D90-1E15-4B4A-87F5-97CB1971F20D}.Release|x64.ActiveCfg = Release|x64
		{21CA7D90-1E15-4B4A-87F5-97CB1971F20D}.Release|x64.Build.0 = Release|x64
		{21CA7D90-1E15-4B4A-87F5-97CB1971F20D}.Release|x86.ActiveCfg = Release|Win32
		{21CA7D90-1E15-4B4A-87F5-97CB1971F20D}.Release|x86.Build.0 = Release|Win32
		{126570A2-8E35-4143-BCE3-B23142FE2E94}.Debug|x64.ActiveCfg = Debug|x64
		{126570A2-8E35-4143-BCE3-B23142FE2E94}.Debug|x64.Build.0 = Debug|x64
		{126570A2-8E35-4143-BCE3-B23142FE2E94}.Debug|x86.ActiveCfg = Debug|Win32
		{126570A2-8E35-4143-BCE3-B23142FE2E94}.Debug|x86.Build.0 = Debug|Win32
		{126570A2-8E35-4143-BCE3-B23142FE2E94}.Release|x64.ActiveCfg = Release|x64
		{126570A2-8E35-4143-BCE3-B23142FE2E94}.Release|x64.Build.0 = Release|x64
		{126570A2-8E35-4143-BCE3-B23142FE2E94}.Release|x86.ActiveCfg = Release|Win32
		{126570A2-8E35-4143-BCE3-B23142FE2E94}.Release|x86.Build.0 = Release|Win32
		{39C80307-8BFA-4B6E-A2A0-320DAF366533}.Debug|x64.ActiveCfg = Debug|x64
		{39C80307-8BFA-4B6E-A2A0-320DAF366533}.Debug|x64.Build.0 = Debug|x64
		{39C80307-8BFA-4B6E-A2A0-320DAF366533}.Debug|x86.ActiveCfg = Debug|Win32
		{39C80307-8BFA-4B6E-A2A0-320DAF366533}.Debug|x86.Build.0 = Debug|Win32
		{39C80307-8BFA-4B6E-A2A0-320DAF366533}.Release|x64.ActiveCfg = Release|x64
		{39C80307-8BFA-4B6E-A2A0-320DAF366533}.Release|x64.Build.0 = Release|x64
		{39C80307-8BFA-4B6E-A2A0-320DAF366533}.Release|x86.ActiveCfg = Release|Win32
		{39C80307-8BFA-4B6E-A2A0-320DAF366533}.Release|x86.Build.0 = Release|Win32
		{99F7EAEF-CA5E-4979-BB08-C0561A54C402}.Debug|x64.ActiveCfg = Debug|x64
		{99F7EAEF-CA5E-4979-BB08-C0561A54C402}.Debug|x64.Build.0 = Debug|x64
		{99F7EAEF-CA5E-4979-BB08-C0561A54C402}.Debug|x86.ActiveCfg = Debug|Win32
		{99F7EAEF-CA5E-4979-BB08-C0561A54C402}.Debug|x86.Build.0 = Debug|Win32
		{99F7EAEF-CA5E-4979-BB08-C0561A54C402}.Release|x64.ActiveCfg = Release|x64
		{99F7EAEF-CA5E-4979-BB08-C0561A54C402}.Release|x64.Build.0 = Release|x64
		{99F7EAEF-CA5E-4979-BB08-C0561A54C402}.Release|x86.ActiveCfg = Release|Win32
		{99F7EAEF-CA5E-4979-BB08-C0561A54C402}.Release|x86.Build.0 = Release|Win32
	EndGlobalSection
	GlobalSection(SolutionProperties) = preSolution
		HideSolutionNode = FALSE
	EndGlobalSection
	GlobalSection(ExtensibilityGlobals) = postSolution
		SolutionGuid = {0E5771A0-D0CC-4559-8364-E178B603A069}
	EndGlobalSection
EndGlobal
